
Microsoft Visual Studio Solution File, Format Version 12.00
# Visual Studio Version 16
VisualStudioVersion = 16.0.28714.193
MinimumVisualStudioVersion = 10.0.40219.1
Project("{8BC9CEB8-8B4A-11D0-8D11-00A0C91BC942}") = "Raising Modulo Numbers", "Raising Modulo Numbers\Raising Modulo Numbers.vcxproj", "{48963952-B568-4278-B3C2-C7A40AEF0AEB}"
EndProject
Project("{8BC9CEB8-8B4A-11D0-8D11-00A0C91BC942}") = "64位整数乘法", "64位整数乘法\64位整数乘法.vcxproj", "{931566F1-12FA-4B76-9C29-21163FB4DED7}"
EndProject
Project("{8BC9CEB8-8B4A-11D0-8D11-00A0C91BC942}") = "Hamilton路径", "Hamilton路径\Hamilton路径.vcxproj", "{8F0FA4E0-803D-4A42-96DB-BD7CC6C177AB}"
EndProject
Project("{8BC9CEB8-8B4A-11D0-8D11-00A0C91BC942}") = "lowbit", "lowbit\lowbit.vcxproj", "{1422265F-D715-479F-922B-C0F305D2A615}"
EndProject
Project("{8BC9CEB8-8B4A-11D0-8D11-00A0C91BC942}") = "费解的开关", "费解的开关\费解的开关.vcxproj", "{6F4CA2E7-D773-435C-8C9C-338EEE9CBD96}"
EndProject
Project("{8BC9CEB8-8B4A-11D0-8D11-00A0C91BC942}") = "递归实现指数枚举", "递归实现指数枚举\递归实现指数枚举.vcxproj", "{FD9A8FF2-38E3-4D08-9A3A-A14BA38ABB40}"
EndProject
Project("{8BC9CEB8-8B4A-11D0-8D11-00A0C91BC942}") = "递归实现组合型枚举", "递归实现组合型枚举\递归实现组合型枚举.vcxproj", "{9C566F5F-6793-496F-BBAD-23E4EF408172}"
EndProject
Project("{8BC9CEB8-8B4A-11D0-8D11-00A0C91BC942}") = "递归实现的排列枚举", "递归实现的排列枚举\递归实现的排列枚举.vcxproj", "{F808E219-ABBF-4931-96FE-2A56213A8C1A}"
EndProject
Project("{8BC9CEB8-8B4A-11D0-8D11-00A0C91BC942}") = "a^b", "a^b\a^b.vcxproj", "{577FCF1C-52AB-46A3-8731-0EFEFEE147FC}"
EndProject
Project("{8BC9CEB8-8B4A-11D0-8D11-00A0C91BC942}") = "Strange Towers of Hanoi", "Strange Towers of Hanoi\Strange Towers of Hanoi.vcxproj", "{2E39F987-B582-4094-8453-47413D5D25AE}"
EndProject
Project("{8BC9CEB8-8B4A-11D0-8D11-00A0C91BC942}") = "Fractal Streets", "Fractal Streets\Fractal Streets.vcxproj", "{DA67ABCD-6AE9-414F-A533-123DFC35460F}"
EndProject
Project("{8BC9CEB8-8B4A-11D0-8D11-00A0C91BC942}") = "非递归实现组合形枚举", "非递归实现组合形枚举\非递归实现组合形枚举.vcxproj", "{D3450BE8-C700-477F-89C8-5F8CA453DFEB}"
EndProject
Project("{8BC9CEB8-8B4A-11D0-8D11-00A0C91BC942}") = "[HNOI2003]激光炸弹", "[HNOI2003]激光炸弹\[HNOI2003]激光炸弹.vcxproj", "{AC5DCCB3-1F50-472D-8F98-F1E2B8CD3030}"
EndProject
Project("{8BC9CEB8-8B4A-11D0-8D11-00A0C91BC942}") = "IncDec Sequence", "IncDec Sequence\IncDec Sequence.vcxproj", "{ACE22A1B-52D4-4A7A-82F9-64B931B9937E}"
EndProject
Project("{8BC9CEB8-8B4A-11D0-8D11-00A0C91BC942}") = "Tallest Cow", "Tallest Cow\Tallest Cow.vcxproj", "{573CE6B1-CF9F-4E5C-B200-75471E23A36C}"
EndProject
Project("{8BC9CEB8-8B4A-11D0-8D11-00A0C91BC942}") = "整数集合上的二分", "整数集合上的二分\整数集合上的二分.vcxproj", "{E5DCC849-6C0C-457A-AD8A-1536B9BEB95C}"
EndProject
Project("{8BC9CEB8-8B4A-11D0-8D11-00A0C91BC942}") = "Strange fuction", "Strange fuction\Strange fuction.vcxproj", "{A553C4A2-5C6D-4B4D-9C68-F95B89F3863C}"
EndProject
Project("{8BC9CEB8-8B4A-11D0-8D11-00A0C91BC942}") = "Cinema CF 670C", "Cinema CF 670C\Cinema CF 670C.vcxproj", "{DA66DEA8-C8E9-462C-B1B6-823E1DC32070}"
EndProject
Project("{8BC9CEB8-8B4A-11D0-8D11-00A0C91BC942}") = "货仓选址", "货仓选址\货仓选址.vcxproj", "{B7C04917-5B63-4625-9C1F-BC30EB9251C6}"
EndProject
Project("{8BC9CEB8-8B4A-11D0-8D11-00A0C91BC942}") = "七夕祭", "七夕祭\七夕祭.vcxproj", "{14E3DDEE-51C8-49FA-A646-F04D30C21938}"
EndProject
Project("{8BC9CEB8-8B4A-11D0-8D11-00A0C91BC942}") = "Running Median", "Running Median\Running Median.vcxproj", "{ED95A69C-9AE7-461E-9FD6-5F0632032841}"
EndProject
Project("{8BC9CEB8-8B4A-11D0-8D11-00A0C91BC942}") = "第k大数", "第k大数\第k大数.vcxproj", "{319CD4BF-2B16-4D23-8E80-9279C112BFDA}"
EndProject
Project("{8BC9CEB8-8B4A-11D0-8D11-00A0C91BC942}") = "逆序对", "逆序对\逆序对.vcxproj", "{43C26D5B-040C-468E-B330-7B86A9921884}"
EndProject
Project("{8BC9CEB8-8B4A-11D0-8D11-00A0C91BC942}") = "POJ2299 Ultra-QuickSort", "POJ2299 Ultra-QuickSort\POJ2299 Ultra-QuickSort.vcxproj", "{3DAEFDCE-A2CC-4704-95F4-BCA01893B897}"
EndProject
Project("{8BC9CEB8-8B4A-11D0-8D11-00A0C91BC942}") = "奇数码问题", "奇数码问题\奇数码问题.vcxproj", "{0E12DC8C-5712-45D4-A14A-C567A6819734}"
EndProject
Project("{8BC9CEB8-8B4A-11D0-8D11-00A0C91BC942}") = "POJ2893 M × N Puzzle", "POJ2893 M × N Puzzle\POJ2893 M × N Puzzle.vcxproj", "{1BE5D76D-8594-4DC3-AC1A-698DEC62348C}"
EndProject
Project("{8BC9CEB8-8B4A-11D0-8D11-00A0C91BC942}") = "Genius ACM", "Genius ACM\Genius ACM.vcxproj", "{EC983AC2-9828-4C60-96C8-735E0D4C55D0}"
EndProject
Project("{8BC9CEB8-8B4A-11D0-8D11-00A0C91BC942}") = "Frequent values", "Frequent values\Frequent values.vcxproj", "{4529B616-D509-492D-88D0-FDCD89DEF7AD}"
EndProject
Project("{8BC9CEB8-8B4A-11D0-8D11-00A0C91BC942}") = "Balanced Lineup", "Balanced Lineup\Balanced Lineup.vcxproj", "{E6F99F53-F084-4A71-BA2E-6D49720C46B4}"
EndProject
Global
	GlobalSection(SolutionConfigurationPlatforms) = preSolution
		Debug|x64 = Debug|x64
		Debug|x86 = Debug|x86
		Release|x64 = Release|x64
		Release|x86 = Release|x86
	EndGlobalSection
	GlobalSection(ProjectConfigurationPlatforms) = postSolution
		{48963952-B568-4278-B3C2-C7A40AEF0AEB}.Debug|x64.ActiveCfg = Debug|x64
		{48963952-B568-4278-B3C2-C7A40AEF0AEB}.Debug|x64.Build.0 = Debug|x64
		{48963952-B568-4278-B3C2-C7A40AEF0AEB}.Debug|x86.ActiveCfg = Debug|Win32
		{48963952-B568-4278-B3C2-C7A40AEF0AEB}.Debug|x86.Build.0 = Debug|Win32
		{48963952-B568-4278-B3C2-C7A40AEF0AEB}.Release|x64.ActiveCfg = Release|x64
		{48963952-B568-4278-B3C2-C7A40AEF0AEB}.Release|x64.Build.0 = Release|x64
		{48963952-B568-4278-B3C2-C7A40AEF0AEB}.Release|x86.ActiveCfg = Release|Win32
		{48963952-B568-4278-B3C2-C7A40AEF0AEB}.Release|x86.Build.0 = Release|Win32
		{931566F1-12FA-4B76-9C29-21163FB4DED7}.Debug|x64.ActiveCfg = Debug|x64
		{931566F1-12FA-4B76-9C29-21163FB4DED7}.Debug|x64.Build.0 = Debug|x64
		{931566F1-12FA-4B76-9C29-21163FB4DED7}.Debug|x86.ActiveCfg = Debug|Win32
		{931566F1-12FA-4B76-9C29-21163FB4DED7}.Debug|x86.Build.0 = Debug|Win32
		{931566F1-12FA-4B76-9C29-21163FB4DED7}.Release|x64.ActiveCfg = Release|x64
		{931566F1-12FA-4B76-9C29-21163FB4DED7}.Release|x64.Build.0 = Release|x64
		{931566F1-12FA-4B76-9C29-21163FB4DED7}.Release|x86.ActiveCfg = Release|Win32
		{931566F1-12FA-4B76-9C29-21163FB4DED7}.Release|x86.Build.0 = Release|Win32
		{8F0FA4E0-803D-4A42-96DB-BD7CC6C177AB}.Debug|x64.ActiveCfg = Debug|x64
		{8F0FA4E0-803D-4A42-96DB-BD7CC6C177AB}.Debug|x64.Build.0 = Debug|x64
		{8F0FA4E0-803D-4A42-96DB-BD7CC6C177AB}.Debug|x86.ActiveCfg = Debug|Win32
		{8F0FA4E0-803D-4A42-96DB-BD7CC6C177AB}.Debug|x86.Build.0 = Debug|Win32
		{8F0FA4E0-803D-4A42-96DB-BD7CC6C177AB}.Release|x64.ActiveCfg = Release|x64
		{8F0FA4E0-803D-4A42-96DB-BD7CC6C177AB}.Release|x64.Build.0 = Release|x64
		{8F0FA4E0-803D-4A42-96DB-BD7CC6C177AB}.Release|x86.ActiveCfg = Release|Win32
		{8F0FA4E0-803D-4A42-96DB-BD7CC6C177AB}.Release|x86.Build.0 = Release|Win32
		{1422265F-D715-479F-922B-C0F305D2A615}.Debug|x64.ActiveCfg = Debug|x64
		{1422265F-D715-479F-922B-C0F305D2A615}.Debug|x64.Build.0 = Debug|x64
		{1422265F-D715-479F-922B-C0F305D2A615}.Debug|x86.ActiveCfg = Debug|Win32
		{1422265F-D715-479F-922B-C0F305D2A615}.Debug|x86.Build.0 = Debug|Win32
		{1422265F-D715-479F-922B-C0F305D2A615}.Release|x64.ActiveCfg = Release|x64
		{1422265F-D715-479F-922B-C0F305D2A615}.Release|x64.Build.0 = Release|x64
		{1422265F-D715-479F-922B-C0F305D2A615}.Release|x86.ActiveCfg = Release|Win32
		{1422265F-D715-479F-922B-C0F305D2A615}.Release|x86.Build.0 = Release|Win32
		{6F4CA2E7-D773-435C-8C9C-338EEE9CBD96}.Debug|x64.ActiveCfg = Debug|x64
		{6F4CA2E7-D773-435C-8C9C-338EEE9CBD96}.Debug|x64.Build.0 = Debug|x64
		{6F4CA2E7-D773-435C-8C9C-338EEE9CBD96}.Debug|x86.ActiveCfg = Debug|Win32
		{6F4CA2E7-D773-435C-8C9C-338EEE9CBD96}.Debug|x86.Build.0 = Debug|Win32
		{6F4CA2E7-D773-435C-8C9C-338EEE9CBD96}.Release|x64.ActiveCfg = Release|x64
		{6F4CA2E7-D773-435C-8C9C-338EEE9CBD96}.Release|x64.Build.0 = Release|x64
		{6F4CA2E7-D773-435C-8C9C-338EEE9CBD96}.Release|x86.ActiveCfg = Release|Win32
		{6F4CA2E7-D773-435C-8C9C-338EEE9CBD96}.Release|x86.Build.0 = Release|Win32
		{FD9A8FF2-38E3-4D08-9A3A-A14BA38ABB40}.Debug|x64.ActiveCfg = Debug|x64
		{FD9A8FF2-38E3-4D08-9A3A-A14BA38ABB40}.Debug|x64.Build.0 = Debug|x64
		{FD9A8FF2-38E3-4D08-9A3A-A14BA38ABB40}.Debug|x86.ActiveCfg = Debug|Win32
		{FD9A8FF2-38E3-4D08-9A3A-A14BA38ABB40}.Debug|x86.Build.0 = Debug|Win32
		{FD9A8FF2-38E3-4D08-9A3A-A14BA38ABB40}.Release|x64.ActiveCfg = Release|x64
		{FD9A8FF2-38E3-4D08-9A3A-A14BA38ABB40}.Release|x64.Build.0 = Release|x64
		{FD9A8FF2-38E3-4D08-9A3A-A14BA38ABB40}.Release|x86.ActiveCfg = Release|Win32
		{FD9A8FF2-38E3-4D08-9A3A-A14BA38ABB40}.Release|x86.Build.0 = Release|Win32
		{9C566F5F-6793-496F-BBAD-23E4EF408172}.Debug|x64.ActiveCfg = Debug|x64
		{9C566F5F-6793-496F-BBAD-23E4EF408172}.Debug|x64.Build.0 = Debug|x64
		{9C566F5F-6793-496F-BBAD-23E4EF408172}.Debug|x86.ActiveCfg = Debug|Win32
		{9C566F5F-6793-496F-BBAD-23E4EF408172}.Debug|x86.Build.0 = Debug|Win32
		{9C566F5F-6793-496F-BBAD-23E4EF408172}.Release|x64.ActiveCfg = Release|x64
		{9C566F5F-6793-496F-BBAD-23E4EF408172}.Release|x64.Build.0 = Release|x64
		{9C566F5F-6793-496F-BBAD-23E4EF408172}.Release|x86.ActiveCfg = Release|Win32
		{9C566F5F-6793-496F-BBAD-23E4EF408172}.Release|x86.Build.0 = Release|Win32
		{F808E219-ABBF-4931-96FE-2A56213A8C1A}.Debug|x64.ActiveCfg = Debug|x64
		{F808E219-ABBF-4931-96FE-2A56213A8C1A}.Debug|x64.Build.0 = Debug|x64
		{F808E219-ABBF-4931-96FE-2A56213A8C1A}.Debug|x86.ActiveCfg = Debug|Win32
		{F808E219-ABBF-4931-96FE-2A56213A8C1A}.Debug|x86.Build.0 = Debug|Win32
		{F808E219-ABBF-4931-96FE-2A56213A8C1A}.Release|x64.ActiveCfg = Release|x64
		{F808E219-ABBF-4931-96FE-2A56213A8C1A}.Release|x64.Build.0 = Release|x64
		{F808E219-ABBF-4931-96FE-2A56213A8C1A}.Release|x86.ActiveCfg = Release|Win32
		{F808E219-ABBF-4931-96FE-2A56213A8C1A}.Release|x86.Build.0 = Release|Win32
		{577FCF1C-52AB-46A3-8731-0EFEFEE147FC}.Debug|x64.ActiveCfg = Debug|x64
		{577FCF1C-52AB-46A3-8731-0EFEFEE147FC}.Debug|x64.Build.0 = Debug|x64
		{577FCF1C-52AB-46A3-8731-0EFEFEE147FC}.Debug|x86.ActiveCfg = Debug|Win32
		{577FCF1C-52AB-46A3-8731-0EFEFEE147FC}.Debug|x86.Build.0 = Debug|Win32
		{577FCF1C-52AB-46A3-8731-0EFEFEE147FC}.Release|x64.ActiveCfg = Release|x64
		{577FCF1C-52AB-46A3-8731-0EFEFEE147FC}.Release|x64.Build.0 = Release|x64
		{577FCF1C-52AB-46A3-8731-0EFEFEE147FC}.Release|x86.ActiveCfg = Release|Win32
		{577FCF1C-52AB-46A3-8731-0EFEFEE147FC}.Release|x86.Build.0 = Release|Win32
		{2E39F987-B582-4094-8453-47413D5D25AE}.Debug|x64.ActiveCfg = Debug|x64
		{2E39F987-B582-4094-8453-47413D5D25AE}.Debug|x64.Build.0 = Debug|x64
		{2E39F987-B582-4094-8453-47413D5D25AE}.Debug|x86.ActiveCfg = Debug|Win32
		{2E39F987-B582-4094-8453-47413D5D25AE}.Debug|x86.Build.0 = Debug|Win32
		{2E39F987-B582-4094-8453-47413D5D25AE}.Release|x64.ActiveCfg = Release|x64
		{2E39F987-B582-4094-8453-47413D5D25AE}.Release|x64.Build.0 = Release|x64
		{2E39F987-B582-4094-8453-47413D5D25AE}.Release|x86.ActiveCfg = Release|Win32
		{2E39F987-B582-4094-8453-47413D5D25AE}.Release|x86.Build.0 = Release|Win32
		{DA67ABCD-6AE9-414F-A533-123DFC35460F}.Debug|x64.ActiveCfg = Debug|x64
		{DA67ABCD-6AE9-414F-A533-123DFC35460F}.Debug|x64.Build.0 = Debug|x64
		{DA67ABCD-6AE9-414F-A533-123DFC35460F}.Debug|x86.ActiveCfg = Debug|Win32
		{DA67ABCD-6AE9-414F-A533-123DFC35460F}.Debug|x86.Build.0 = Debug|Win32
		{DA67ABCD-6AE9-414F-A533-123DFC35460F}.Release|x64.ActiveCfg = Release|x64
		{DA67ABCD-6AE9-414F-A533-123DFC35460F}.Release|x64.Build.0 = Release|x64
		{DA67ABCD-6AE9-414F-A533-123DFC35460F}.Release|x86.ActiveCfg = Release|Win32
		{DA67ABCD-6AE9-414F-A533-123DFC35460F}.Release|x86.Build.0 = Release|Win32
		{D3450BE8-C700-477F-89C8-5F8CA453DFEB}.Debug|x64.ActiveCfg = Debug|x64
		{D3450BE8-C700-477F-89C8-5F8CA453DFEB}.Debug|x64.Build.0 = Debug|x64
		{D3450BE8-C700-477F-89C8-5F8CA453DFEB}.Debug|x86.ActiveCfg = Debug|Win32
		{D3450BE8-C700-477F-89C8-5F8CA453DFEB}.Debug|x86.Build.0 = Debug|Win32
		{D3450BE8-C700-477F-89C8-5F8CA453DFEB}.Release|x64.ActiveCfg = Release|x64
		{D3450BE8-C700-477F-89C8-5F8CA453DFEB}.Release|x64.Build.0 = Release|x64
		{D3450BE8-C700-477F-89C8-5F8CA453DFEB}.Release|x86.ActiveCfg = Release|Win32
		{D3450BE8-C700-477F-89C8-5F8CA453DFEB}.Release|x86.Build.0 = Release|Win32
		{AC5DCCB3-1F50-472D-8F98-F1E2B8CD3030}.Debug|x64.ActiveCfg = Debug|x64
		{AC5DCCB3-1F50-472D-8F98-F1E2B8CD3030}.Debug|x64.Build.0 = Debug|x64
		{AC5DCCB3-1F50-472D-8F98-F1E2B8CD3030}.Debug|x86.ActiveCfg = Debug|Win32
		{AC5DCCB3-1F50-472D-8F98-F1E2B8CD3030}.Debug|x86.Build.0 = Debug|Win32
		{AC5DCCB3-1F50-472D-8F98-F1E2B8CD3030}.Release|x64.ActiveCfg = Release|x64
		{AC5DCCB3-1F50-472D-8F98-F1E2B8CD3030}.Release|x64.Build.0 = Release|x64
		{AC5DCCB3-1F50-472D-8F98-F1E2B8CD3030}.Release|x86.ActiveCfg = Release|Win32
		{AC5DCCB3-1F50-472D-8F98-F1E2B8CD3030}.Release|x86.Build.0 = Release|Win32
		{ACE22A1B-52D4-4A7A-82F9-64B931B9937E}.Debug|x64.ActiveCfg = Debug|x64
		{ACE22A1B-52D4-4A7A-82F9-64B931B9937E}.Debug|x64.Build.0 = Debug|x64
		{ACE22A1B-52D4-4A7A-82F9-64B931B9937E}.Debug|x86.ActiveCfg = Debug|Win32
		{ACE22A1B-52D4-4A7A-82F9-64B931B9937E}.Debug|x86.Build.0 = Debug|Win32
		{ACE22A1B-52D4-4A7A-82F9-64B931B9937E}.Release|x64.ActiveCfg = Release|x64
		{ACE22A1B-52D4-4A7A-82F9-64B931B9937E}.Release|x64.Build.0 = Release|x64
		{ACE22A1B-52D4-4A7A-82F9-64B931B9937E}.Release|x86.ActiveCfg = Release|Win32
		{ACE22A1B-52D4-4A7A-82F9-64B931B9937E}.Release|x86.Build.0 = Release|Win32
		{573CE6B1-CF9F-4E5C-B200-75471E23A36C}.Debug|x64.ActiveCfg = Debug|x64
		{573CE6B1-CF9F-4E5C-B200-75471E23A36C}.Debug|x64.Build.0 = Debug|x64
		{573CE6B1-CF9F-4E5C-B200-75471E23A36C}.Debug|x86.ActiveCfg = Debug|Win32
		{573CE6B1-CF9F-4E5C-B200-75471E23A36C}.Debug|x86.Build.0 = Debug|Win32
		{573CE6B1-CF9F-4E5C-B200-75471E23A36C}.Release|x64.ActiveCfg = Release|x64
		{573CE6B1-CF9F-4E5C-B200-75471E23A36C}.Release|x64.Build.0 = Release|x64
		{573CE6B1-CF9F-4E5C-B200-75471E23A36C}.Release|x86.ActiveCfg = Release|Win32
		{573CE6B1-CF9F-4E5C-B200-75471E23A36C}.Release|x86.Build.0 = Release|Win32
		{E5DCC849-6C0C-457A-AD8A-1536B9BEB95C}.Debug|x64.ActiveCfg = Debug|x64
		{E5DCC849-6C0C-457A-AD8A-1536B9BEB95C}.Debug|x64.Build.0 = Debug|x64
		{E5DCC849-6C0C-457A-AD8A-1536B9BEB95C}.Debug|x86.ActiveCfg = Debug|Win32
		{E5DCC849-6C0C-457A-AD8A-1536B9BEB95C}.Debug|x86.Build.0 = Debug|Win32
		{E5DCC849-6C0C-457A-AD8A-1536B9BEB95C}.Release|x64.ActiveCfg = Release|x64
		{E5DCC849-6C0C-457A-AD8A-1536B9BEB95C}.Release|x64.Build.0 = Release|x64
		{E5DCC849-6C0C-457A-AD8A-1536B9BEB95C}.Release|x86.ActiveCfg = Release|Win32
		{E5DCC849-6C0C-457A-AD8A-1536B9BEB95C}.Release|x86.Build.0 = Release|Win32
		{A553C4A2-5C6D-4B4D-9C68-F95B89F3863C}.Debug|x64.ActiveCfg = Debug|x64
		{A553C4A2-5C6D-4B4D-9C68-F95B89F3863C}.Debug|x64.Build.0 = Debug|x64
		{A553C4A2-5C6D-4B4D-9C68-F95B89F3863C}.Debug|x86.ActiveCfg = Debug|Win32
		{A553C4A2-5C6D-4B4D-9C68-F95B89F3863C}.Debug|x86.Build.0 = Debug|Win32
		{A553C4A2-5C6D-4B4D-9C68-F95B89F3863C}.Release|x64.ActiveCfg = Release|x64
		{A553C4A2-5C6D-4B4D-9C68-F95B89F3863C}.Release|x64.Build.0 = Release|x64
		{A553C4A2-5C6D-4B4D-9C68-F95B89F3863C}.Release|x86.ActiveCfg = Release|Win32
		{A553C4A2-5C6D-4B4D-9C68-F95B89F3863C}.Release|x86.Build.0 = Release|Win32
		{DA66DEA8-C8E9-462C-B1B6-823E1DC32070}.Debug|x64.ActiveCfg = Debug|x64
		{DA66DEA8-C8E9-462C-B1B6-823E1DC32070}.Debug|x64.Build.0 = Debug|x64
		{DA66DEA8-C8E9-462C-B1B6-823E1DC32070}.Debug|x86.ActiveCfg = Debug|Win32
		{DA66DEA8-C8E9-462C-B1B6-823E1DC32070}.Debug|x86.Build.0 = Debug|Win32
		{DA66DEA8-C8E9-462C-B1B6-823E1DC32070}.Release|x64.ActiveCfg = Release|x64
		{DA66DEA8-C8E9-462C-B1B6-823E1DC32070}.Release|x64.Build.0 = Release|x64
		{DA66DEA8-C8E9-462C-B1B6-823E1DC32070}.Release|x86.ActiveCfg = Release|Win32
		{DA66DEA8-C8E9-462C-B1B6-823E1DC32070}.Release|x86.Build.0 = Release|Win32
		{B7C04917-5B63-4625-9C1F-BC30EB9251C6}.Debug|x64.ActiveCfg = Debug|x64
		{B7C04917-5B63-4625-9C1F-BC30EB9251C6}.Debug|x64.Build.0 = Debug|x64
		{B7C04917-5B63-4625-9C1F-BC30EB9251C6}.Debug|x86.ActiveCfg = Debug|Win32
		{B7C04917-5B63-4625-9C1F-BC30EB9251C6}.Debug|x86.Build.0 = Debug|Win32
		{B7C04917-5B63-4625-9C1F-BC30EB9251C6}.Release|x64.ActiveCfg = Release|x64
		{B7C04917-5B63-4625-9C1F-BC30EB9251C6}.Release|x64.Build.0 = Release|x64
		{B7C04917-5B63-4625-9C1F-BC30EB9251C6}.Release|x86.ActiveCfg = Release|Win32
		{B7C04917-5B63-4625-9C1F-BC30EB9251C6}.Release|x86.Build.0 = Release|Win32
		{14E3DDEE-51C8-49FA-A646-F04D30C21938}.Debug|x64.ActiveCfg = Debug|x64
		{14E3DDEE-51C8-49FA-A646-F04D30C21938}.Debug|x64.Build.0 = Debug|x64
		{14E3DDEE-51C8-49FA-A646-F04D30C21938}.Debug|x86.ActiveCfg = Debug|Win32
		{14E3DDEE-51C8-49FA-A646-F04D30C21938}.Debug|x86.Build.0 = Debug|Win32
		{14E3DDEE-51C8-49FA-A646-F04D30C21938}.Release|x64.ActiveCfg = Release|x64
		{14E3DDEE-51C8-49FA-A646-F04D30C21938}.Release|x64.Build.0 = Release|x64
		{14E3DDEE-51C8-49FA-A646-F04D30C21938}.Release|x86.ActiveCfg = Release|Win32
		{14E3DDEE-51C8-49FA-A646-F04D30C21938}.Release|x86.Build.0 = Release|Win32
		{ED95A69C-9AE7-461E-9FD6-5F0632032841}.Debug|x64.ActiveCfg = Debug|x64
		{ED95A69C-9AE7-461E-9FD6-5F0632032841}.Debug|x64.Build.0 = Debug|x64
		{ED95A69C-9AE7-461E-9FD6-5F0632032841}.Debug|x86.ActiveCfg = Debug|Win32
		{ED95A69C-9AE7-461E-9FD6-5F0632032841}.Debug|x86.Build.0 = Debug|Win32
		{ED95A69C-9AE7-461E-9FD6-5F0632032841}.Release|x64.ActiveCfg = Release|x64
		{ED95A69C-9AE7-461E-9FD6-5F0632032841}.Release|x64.Build.0 = Release|x64
		{ED95A69C-9AE7-461E-9FD6-5F0632032841}.Release|x86.ActiveCfg = Release|Win32
		{ED95A69C-9AE7-461E-9FD6-5F0632032841}.Release|x86.Build.0 = Release|Win32
		{319CD4BF-2B16-4D23-8E80-9279C112BFDA}.Debug|x64.ActiveCfg = Debug|x64
		{319CD4BF-2B16-4D23-8E80-9279C112BFDA}.Debug|x64.Build.0 = Debug|x64
		{319CD4BF-2B16-4D23-8E80-9279C112BFDA}.Debug|x86.ActiveCfg = Debug|Win32
		{319CD4BF-2B16-4D23-8E80-9279C112BFDA}.Debug|x86.Build.0 = Debug|Win32
		{319CD4BF-2B16-4D23-8E80-9279C112BFDA}.Release|x64.ActiveCfg = Release|x64
		{319CD4BF-2B16-4D23-8E80-9279C112BFDA}.Release|x64.Build.0 = Release|x64
		{319CD4BF-2B16-4D23-8E80-9279C112BFDA}.Release|x86.ActiveCfg = Release|Win32
		{319CD4BF-2B16-4D23-8E80-9279C112BFDA}.Release|x86.Build.0 = Release|Win32
		{43C26D5B-040C-468E-B330-7B86A9921884}.Debug|x64.ActiveCfg = Debug|x64
		{43C26D5B-040C-468E-B330-7B86A9921884}.Debug|x64.Build.0 = Debug|x64
		{43C26D5B-040C-468E-B330-7B86A9921884}.Debug|x86.ActiveCfg = Debug|Win32
		{43C26D5B-040C-468E-B330-7B86A9921884}.Debug|x86.Build.0 = Debug|Win32
		{43C26D5B-040C-468E-B330-7B86A9921884}.Release|x64.ActiveCfg = Release|x64
		{43C26D5B-040C-468E-B330-7B86A9921884}.Release|x64.Build.0 = Release|x64
		{43C26D5B-040C-468E-B330-7B86A9921884}.Release|x86.ActiveCfg = Release|Win32
		{43C26D5B-040C-468E-B330-7B86A9921884}.Release|x86.Build.0 = Release|Win32
		{3DAEFDCE-A2CC-4704-95F4-BCA01893B897}.Debug|x64.ActiveCfg = Debug|x64
		{3DAEFDCE-A2CC-4704-95F4-BCA01893B897}.Debug|x64.Build.0 = Debug|x64
		{3DAEFDCE-A2CC-4704-95F4-BCA01893B897}.Debug|x86.ActiveCfg = Debug|Win32
		{3DAEFDCE-A2CC-4704-95F4-BCA01893B897}.Debug|x86.Build.0 = Debug|Win32
		{3DAEFDCE-A2CC-4704-95F4-BCA01893B897}.Release|x64.ActiveCfg = Release|x64
		{3DAEFDCE-A2CC-4704-95F4-BCA01893B897}.Release|x64.Build.0 = Release|x64
		{3DAEFDCE-A2CC-4704-95F4-BCA01893B897}.Release|x86.ActiveCfg = Release|Win32
		{3DAEFDCE-A2CC-4704-95F4-BCA01893B897}.Release|x86.Build.0 = Release|Win32
		{0E12DC8C-5712-45D4-A14A-C567A6819734}.Debug|x64.ActiveCfg = Debug|x64
		{0E12DC8C-5712-45D4-A14A-C567A6819734}.Debug|x64.Build.0 = Debug|x64
		{0E12DC8C-5712-45D4-A14A-C567A6819734}.Debug|x86.ActiveCfg = Debug|Win32
		{0E12DC8C-5712-45D4-A14A-C567A6819734}.Debug|x86.Build.0 = Debug|Win32
		{0E12DC8C-5712-45D4-A14A-C567A6819734}.Release|x64.ActiveCfg = Release|x64
		{0E12DC8C-5712-45D4-A14A-C567A6819734}.Release|x64.Build.0 = Release|x64
		{0E12DC8C-5712-45D4-A14A-C567A6819734}.Release|x86.ActiveCfg = Release|Win32
		{0E12DC8C-5712-45D4-A14A-C567A6819734}.Release|x86.Build.0 = Release|Win32
		{1BE5D76D-8594-4DC3-AC1A-698DEC62348C}.Debug|x64.ActiveCfg = Debug|x64
		{1BE5D76D-8594-4DC3-AC1A-698DEC62348C}.Debug|x64.Build.0 = Debug|x64
		{1BE5D76D-8594-4DC3-AC1A-698DEC62348C}.Debug|x86.ActiveCfg = Debug|Win32
		{1BE5D76D-8594-4DC3-AC1A-698DEC62348C}.Debug|x86.Build.0 = Debug|Win32
		{1BE5D76D-8594-4DC3-AC1A-698DEC62348C}.Release|x64.ActiveCfg = Release|x64
		{1BE5D76D-8594-4DC3-AC1A-698DEC62348C}.Release|x64.Build.0 = Release|x64
		{1BE5D76D-8594-4DC3-AC1A-698DEC62348C}.Release|x86.ActiveCfg = Release|Win32
		{1BE5D76D-8594-4DC3-AC1A-698DEC62348C}.Release|x86.Build.0 = Release|Win32
		{EC983AC2-9828-4C60-96C8-735E0D4C55D0}.Debug|x64.ActiveCfg = Debug|x64
		{EC983AC2-9828-4C60-96C8-735E0D4C55D0}.Debug|x64.Build.0 = Debug|x64
		{EC983AC2-9828-4C60-96C8-735E0D4C55D0}.Debug|x86.ActiveCfg = Debug|Win32
		{EC983AC2-9828-4C60-96C8-735E0D4C55D0}.Debug|x86.Build.0 = Debug|Win32
		{EC983AC2-9828-4C60-96C8-735E0D4C55D0}.Release|x64.ActiveCfg = Release|x64
		{EC983AC2-9828-4C60-96C8-735E0D4C55D0}.Release|x64.Build.0 = Release|x64
		{EC983AC2-9828-4C60-96C8-735E0D4C55D0}.Release|x86.ActiveCfg = Release|Win32
		{EC983AC2-9828-4C60-96C8-735E0D4C55D0}.Release|x86.Build.0 = Release|Win32
		{4529B616-D509-492D-88D0-FDCD89DEF7AD}.Debug|x64.ActiveCfg = Debug|x64
		{4529B616-D509-492D-88D0-FDCD89DEF7AD}.Debug|x64.Build.0 = Debug|x64
		{4529B616-D509-492D-88D0-FDCD89DEF7AD}.Debug|x86.ActiveCfg = Debug|Win32
		{4529B616-D509-492D-88D0-FDCD89DEF7AD}.Debug|x86.Build.0 = Debug|Win32
		{4529B616-D509-492D-88D0-FDCD89DEF7AD}.Release|x64.ActiveCfg = Release|x64
		{4529B616-D509-492D-88D0-FDCD89DEF7AD}.Release|x64.Build.0 = Release|x64
		{4529B616-D509-492D-88D0-FDCD89DEF7AD}.Release|x86.ActiveCfg = Release|Win32
		{4529B616-D509-492D-88D0-FDCD89DEF7AD}.Release|x86.Build.0 = Release|Win32
		{E6F99F53-F084-4A71-BA2E-6D49720C46B4}.Debug|x64.ActiveCfg = Debug|x64
		{E6F99F53-F084-4A71-BA2E-6D49720C46B4}.Debug|x64.Build.0 = Debug|x64
		{E6F99F53-F084-4A71-BA2E-6D49720C46B4}.Debug|x86.ActiveCfg = Debug|Win32
		{E6F99F53-F084-4A71-BA2E-6D49720C46B4}.Debug|x86.Build.0 = Debug|Win32
		{E6F99F53-F084-4A71-BA2E-6D49720C46B4}.Release|x64.ActiveCfg = Release|x64
		{E6F99F53-F084-4A71-BA2E-6D49720C46B4}.Release|x64.Build.0 = Release|x64
		{E6F99F53-F084-4A71-BA2E-6D49720C46B4}.Release|x86.ActiveCfg = Release|Win32
		{E6F99F53-F084-4A71-BA2E-6D49720C46B4}.Release|x86.Build.0 = Release|Win32
	EndGlobalSection
	GlobalSection(SolutionProperties) = preSolution
		HideSolutionNode = FALSE
	EndGlobalSection
	GlobalSection(ExtensibilityGlobals) = postSolution
		SolutionGuid = {EF300BFB-B4CE-4B61-B65C-E6510BC42907}
	EndGlobalSection
EndGlobal
