
Microsoft Visual Studio Solution File, Format Version 12.00
# Visual Studio Version 16
VisualStudioVersion = 16.0.28714.193
MinimumVisualStudioVersion = 10.0.40219.1
Project("{8BC9CEB8-8B4A-11D0-8D11-00A0C91BC942}") = "A. Neko Finds Grapes", "A. Neko Finds Grapes\A. Neko Finds Grapes.vcxproj", "{CDAE7AA8-1E0D-4F5F-96E5-2BFD2A249397}"
EndProject
Project("{8BC9CEB8-8B4A-11D0-8D11-00A0C91BC942}") = "B. Neko Performs Cat Furrier Transform", "B. Neko Performs Cat Furrier Transform\B. Neko Performs Cat Furrier Transform.vcxproj", "{861EB2E8-8D9B-41CD-B1AE-94BACC49656E}"
EndProject
Project("{8BC9CEB8-8B4A-11D0-8D11-00A0C91BC942}") = "C. Neko does Maths", "C. Neko does Maths\C. Neko does Maths.vcxproj", "{4F81D631-51E8-41AE-BEC8-C0C1C493A394}"
EndProject
Global
	GlobalSection(SolutionConfigurationPlatforms) = preSolution
		Debug|x64 = Debug|x64
		Debug|x86 = Debug|x86
		Release|x64 = Release|x64
		Release|x86 = Release|x86
	EndGlobalSection
	GlobalSection(ProjectConfigurationPlatforms) = postSolution
		{CDAE7AA8-1E0D-4F5F-96E5-2BFD2A249397}.Debug|x64.ActiveCfg = Debug|x64
		{CDAE7AA8-1E0D-4F5F-96E5-2BFD2A249397}.Debug|x64.Build.0 = Debug|x64
		{CDAE7AA8-1E0D-4F5F-96E5-2BFD2A249397}.Debug|x86.ActiveCfg = Debug|Win32
		{CDAE7AA8-1E0D-4F5F-96E5-2BFD2A249397}.Debug|x86.Build.0 = Debug|Win32
		{CDAE7AA8-1E0D-4F5F-96E5-2BFD2A249397}.Release|x64.ActiveCfg = Release|x64
		{CDAE7AA8-1E0D-4F5F-96E5-2BFD2A249397}.Release|x64.Build.0 = Release|x64
		{CDAE7AA8-1E0D-4F5F-96E5-2BFD2A249397}.Release|x86.ActiveCfg = Release|Win32
		{CDAE7AA8-1E0D-4F5F-96E5-2BFD2A249397}.Release|x86.Build.0 = Release|Win32
		{861EB2E8-8D9B-41CD-B1AE-94BACC49656E}.Debug|x64.ActiveCfg = Debug|x64
		{861EB2E8-8D9B-41CD-B1AE-94BACC49656E}.Debug|x64.Build.0 = Debug|x64
		{861EB2E8-8D9B-41CD-B1AE-94BACC49656E}.Debug|x86.ActiveCfg = Debug|Win32
		{861EB2E8-8D9B-41CD-B1AE-94BACC49656E}.Debug|x86.Build.0 = Debug|Win32
		{861EB2E8-8D9B-41CD-B1AE-94BACC49656E}.Release|x64.ActiveCfg = Release|x64
		{861EB2E8-8D9B-41CD-B1AE-94BACC49656E}.Release|x64.Build.0 = Release|x64
		{861EB2E8-8D9B-41CD-B1AE-94BACC49656E}.Release|x86.ActiveCfg = Release|Win32
		{861EB2E8-8D9B-41CD-B1AE-94BACC49656E}.Release|x86.Build.0 = Release|Win32
		{4F81D631-51E8-41AE-BEC8-C0C1C493A394}.Debug|x64.ActiveCfg = Debug|x64
		{4F81D631-51E8-41AE-BEC8-C0C1C493A394}.Debug|x64.Build.0 = Debug|x64
		{4F81D631-51E8-41AE-BEC8-C0C1C493A394}.Debug|x86.ActiveCfg = Debug|Win32
		{4F81D631-51E8-41AE-BEC8-C0C1C493A394}.Debug|x86.Build.0 = Debug|Win32
		{4F81D631-51E8-41AE-BEC8-C0C1C493A394}.Release|x64.ActiveCfg = Release|x64
		{4F81D631-51E8-41AE-BEC8-C0C1C493A394}.Release|x64.Build.0 = Release|x64
		{4F81D631-51E8-41AE-BEC8-C0C1C493A394}.Release|x86.ActiveCfg = Release|Win32
		{4F81D631-51E8-41AE-BEC8-C0C1C493A394}.Release|x86.Build.0 = Release|Win32
	EndGlobalSection
	GlobalSection(SolutionProperties) = preSolution
		HideSolutionNode = FALSE
	EndGlobalSection
	GlobalSection(ExtensibilityGlobals) = postSolution
		SolutionGuid = {24531505-22E9-4688-B9C5-D31FB14AE2B0}
	EndGlobalSection
EndGlobal
