
Microsoft Visual Studio Solution File, Format Version 12.00
# Visual Studio 15
VisualStudioVersion = 15.0.28010.2046
MinimumVisualStudioVersion = 10.0.40219.1
Project("{8BC9CEB8-8B4A-11D0-8D11-00A0C91BC942}") = "SymbolTable", "SymbolTable\SymbolTable.vcxproj", "{412B0EF7-D4E0-425F-B074-B825D5D941AE}"
EndProject
Project("{8BC9CEB8-8B4A-11D0-8D11-00A0C91BC942}") = "电话聊天狂人", "电话聊天狂人\电话聊天狂人.vcxproj", "{6DFE6492-67BB-4F17-853E-08EC60FFE1CD}"
EndProject
Global
	GlobalSection(SolutionConfigurationPlatforms) = preSolution
		Debug|x64 = Debug|x64
		Debug|x86 = Debug|x86
		Release|x64 = Release|x64
		Release|x86 = Release|x86
	EndGlobalSection
	GlobalSection(ProjectConfigurationPlatforms) = postSolution
		{412B0EF7-D4E0-425F-B074-B825D5D941AE}.Debug|x64.ActiveCfg = Debug|x64
		{412B0EF7-D4E0-425F-B074-B825D5D941AE}.Debug|x64.Build.0 = Debug|x64
		{412B0EF7-D4E0-425F-B074-B825D5D941AE}.Debug|x86.ActiveCfg = Debug|Win32
		{412B0EF7-D4E0-425F-B074-B825D5D941AE}.Debug|x86.Build.0 = Debug|Win32
		{412B0EF7-D4E0-425F-B074-B825D5D941AE}.Release|x64.ActiveCfg = Release|x64
		{412B0EF7-D4E0-425F-B074-B825D5D941AE}.Release|x64.Build.0 = Release|x64
		{412B0EF7-D4E0-425F-B074-B825D5D941AE}.Release|x86.ActiveCfg = Release|Win32
		{412B0EF7-D4E0-425F-B074-B825D5D941AE}.Release|x86.Build.0 = Release|Win32
		{6DFE6492-67BB-4F17-853E-08EC60FFE1CD}.Debug|x64.ActiveCfg = Debug|x64
		{6DFE6492-67BB-4F17-853E-08EC60FFE1CD}.Debug|x64.Build.0 = Debug|x64
		{6DFE6492-67BB-4F17-853E-08EC60FFE1CD}.Debug|x86.ActiveCfg = Debug|Win32
		{6DFE6492-67BB-4F17-853E-08EC60FFE1CD}.Debug|x86.Build.0 = Debug|Win32
		{6DFE6492-67BB-4F17-853E-08EC60FFE1CD}.Release|x64.ActiveCfg = Release|x64
		{6DFE6492-67BB-4F17-853E-08EC60FFE1CD}.Release|x64.Build.0 = Release|x64
		{6DFE6492-67BB-4F17-853E-08EC60FFE1CD}.Release|x86.ActiveCfg = Release|Win32
		{6DFE6492-67BB-4F17-853E-08EC60FFE1CD}.Release|x86.Build.0 = Release|Win32
	EndGlobalSection
	GlobalSection(SolutionProperties) = preSolution
		HideSolutionNode = FALSE
	EndGlobalSection
	GlobalSection(ExtensibilityGlobals) = postSolution
		SolutionGuid = {46D760CE-0068-453C-B353-3A76D4EB633D}
	EndGlobalSection
EndGlobal
