
Microsoft Visual Studio Solution File, Format Version 12.00
# Visual Studio Version 16
VisualStudioVersion = 16.0.28714.193
MinimumVisualStudioVersion = 10.0.40219.1
Project("{8BC9CEB8-8B4A-11D0-8D11-00A0C91BC942}") = "POJ2965 The Pilots Brothers' refrigerator", "POJ2965 The Pilots Brothers' refrigerator\POJ2965 The Pilots Brothers' refrigerator.vcxproj", "{C2658E71-BF0B-4971-9EF0-28897F815AE5}"
EndProject
Project("{8BC9CEB8-8B4A-11D0-8D11-00A0C91BC942}") = "CH802 占卜DIY", "CH802 占卜DIY\CH802 占卜DIY.vcxproj", "{7E8AD5A2-A451-4186-A899-D2E9B30DDAFD}"
EndProject
Project("{8BC9CEB8-8B4A-11D0-8D11-00A0C91BC942}") = "POJ2083 Fractal", "POJ2083 Fractal\POJ2083 Fractal.vcxproj", "{5165F48E-9E56-4860-8FAE-6393E7D1C67C}"
EndProject
Project("{8BC9CEB8-8B4A-11D0-8D11-00A0C91BC942}") = "CH805 防线", "CH805 防线\CH805 防线.vcxproj", "{C91A7DB1-B568-486C-A196-008592AE4B12}"
EndProject
Project("{8BC9CEB8-8B4A-11D0-8D11-00A0C91BC942}") = "POJ3714 Raid", "POJ3714 Raid\POJ3714 Raid.vcxproj", "{49F81735-1D2D-4C49-9BAB-66F11A4B3598}"
EndProject
Project("{8BC9CEB8-8B4A-11D0-8D11-00A0C91BC942}") = "POJ3179 Corral the Cows", "POJ3179 Corral the Cows\POJ3179 Corral the Cows.vcxproj", "{7E5C40D2-3810-4985-B886-EE6EC29C8C24}"
EndProject
Project("{8BC9CEB8-8B4A-11D0-8D11-00A0C91BC942}") = "CH0802 糖果传递", "CH0802 糖果传递\CH0802 糖果传递.vcxproj", "{4B555950-01F1-418E-9C5D-86E3D901D669}"
EndProject
Project("{8BC9CEB8-8B4A-11D0-8D11-00A0C91BC942}") = "POJ1723 SOLDIERS", "POJ1723 SOLDIERS\POJ1723 SOLDIERS.vcxproj", "{21BD8A2E-A3B0-4926-97CE-E730D540DA56}"
EndProject
Project("{8BC9CEB8-8B4A-11D0-8D11-00A0C91BC942}") = "POJ1220 NUMBER BASE CONVERSION", "POJ1220 NUMBER BASE CONVERSION\POJ1220 NUMBER BASE CONVERSION.vcxproj", "{A485968E-A4D5-4CAC-9D8E-1AF505906019}"
EndProject
Global
	GlobalSection(SolutionConfigurationPlatforms) = preSolution
		Debug|Any CPU = Debug|Any CPU
		Debug|x64 = Debug|x64
		Debug|x86 = Debug|x86
		Release|Any CPU = Release|Any CPU
		Release|x64 = Release|x64
		Release|x86 = Release|x86
	EndGlobalSection
	GlobalSection(ProjectConfigurationPlatforms) = postSolution
		{C2658E71-BF0B-4971-9EF0-28897F815AE5}.Debug|Any CPU.ActiveCfg = Debug|Win32
		{C2658E71-BF0B-4971-9EF0-28897F815AE5}.Debug|x64.ActiveCfg = Debug|x64
		{C2658E71-BF0B-4971-9EF0-28897F815AE5}.Debug|x64.Build.0 = Debug|x64
		{C2658E71-BF0B-4971-9EF0-28897F815AE5}.Debug|x86.ActiveCfg = Debug|Win32
		{C2658E71-BF0B-4971-9EF0-28897F815AE5}.Debug|x86.Build.0 = Debug|Win32
		{C2658E71-BF0B-4971-9EF0-28897F815AE5}.Release|Any CPU.ActiveCfg = Release|Win32
		{C2658E71-BF0B-4971-9EF0-28897F815AE5}.Release|x64.ActiveCfg = Release|x64
		{C2658E71-BF0B-4971-9EF0-28897F815AE5}.Release|x64.Build.0 = Release|x64
		{C2658E71-BF0B-4971-9EF0-28897F815AE5}.Release|x86.ActiveCfg = Release|Win32
		{C2658E71-BF0B-4971-9EF0-28897F815AE5}.Release|x86.Build.0 = Release|Win32
		{7E8AD5A2-A451-4186-A899-D2E9B30DDAFD}.Debug|Any CPU.ActiveCfg = Debug|Win32
		{7E8AD5A2-A451-4186-A899-D2E9B30DDAFD}.Debug|x64.ActiveCfg = Debug|x64
		{7E8AD5A2-A451-4186-A899-D2E9B30DDAFD}.Debug|x64.Build.0 = Debug|x64
		{7E8AD5A2-A451-4186-A899-D2E9B30DDAFD}.Debug|x86.ActiveCfg = Debug|Win32
		{7E8AD5A2-A451-4186-A899-D2E9B30DDAFD}.Debug|x86.Build.0 = Debug|Win32
		{7E8AD5A2-A451-4186-A899-D2E9B30DDAFD}.Release|Any CPU.ActiveCfg = Release|Win32
		{7E8AD5A2-A451-4186-A899-D2E9B30DDAFD}.Release|x64.ActiveCfg = Release|x64
		{7E8AD5A2-A451-4186-A899-D2E9B30DDAFD}.Release|x64.Build.0 = Release|x64
		{7E8AD5A2-A451-4186-A899-D2E9B30DDAFD}.Release|x86.ActiveCfg = Release|Win32
		{7E8AD5A2-A451-4186-A899-D2E9B30DDAFD}.Release|x86.Build.0 = Release|Win32
		{5165F48E-9E56-4860-8FAE-6393E7D1C67C}.Debug|Any CPU.ActiveCfg = Debug|Win32
		{5165F48E-9E56-4860-8FAE-6393E7D1C67C}.Debug|x64.ActiveCfg = Debug|x64
		{5165F48E-9E56-4860-8FAE-6393E7D1C67C}.Debug|x64.Build.0 = Debug|x64
		{5165F48E-9E56-4860-8FAE-6393E7D1C67C}.Debug|x86.ActiveCfg = Debug|Win32
		{5165F48E-9E56-4860-8FAE-6393E7D1C67C}.Debug|x86.Build.0 = Debug|Win32
		{5165F48E-9E56-4860-8FAE-6393E7D1C67C}.Release|Any CPU.ActiveCfg = Release|Win32
		{5165F48E-9E56-4860-8FAE-6393E7D1C67C}.Release|x64.ActiveCfg = Release|x64
		{5165F48E-9E56-4860-8FAE-6393E7D1C67C}.Release|x64.Build.0 = Release|x64
		{5165F48E-9E56-4860-8FAE-6393E7D1C67C}.Release|x86.ActiveCfg = Release|Win32
		{5165F48E-9E56-4860-8FAE-6393E7D1C67C}.Release|x86.Build.0 = Release|Win32
		{C91A7DB1-B568-486C-A196-008592AE4B12}.Debug|Any CPU.ActiveCfg = Debug|Win32
		{C91A7DB1-B568-486C-A196-008592AE4B12}.Debug|x64.ActiveCfg = Debug|x64
		{C91A7DB1-B568-486C-A196-008592AE4B12}.Debug|x64.Build.0 = Debug|x64
		{C91A7DB1-B568-486C-A196-008592AE4B12}.Debug|x86.ActiveCfg = Debug|Win32
		{C91A7DB1-B568-486C-A196-008592AE4B12}.Debug|x86.Build.0 = Debug|Win32
		{C91A7DB1-B568-486C-A196-008592AE4B12}.Release|Any CPU.ActiveCfg = Release|Win32
		{C91A7DB1-B568-486C-A196-008592AE4B12}.Release|x64.ActiveCfg = Release|x64
		{C91A7DB1-B568-486C-A196-008592AE4B12}.Release|x64.Build.0 = Release|x64
		{C91A7DB1-B568-486C-A196-008592AE4B12}.Release|x86.ActiveCfg = Release|Win32
		{C91A7DB1-B568-486C-A196-008592AE4B12}.Release|x86.Build.0 = Release|Win32
		{49F81735-1D2D-4C49-9BAB-66F11A4B3598}.Debug|Any CPU.ActiveCfg = Debug|Win32
		{49F81735-1D2D-4C49-9BAB-66F11A4B3598}.Debug|x64.ActiveCfg = Debug|x64
		{49F81735-1D2D-4C49-9BAB-66F11A4B3598}.Debug|x64.Build.0 = Debug|x64
		{49F81735-1D2D-4C49-9BAB-66F11A4B3598}.Debug|x86.ActiveCfg = Debug|Win32
		{49F81735-1D2D-4C49-9BAB-66F11A4B3598}.Debug|x86.Build.0 = Debug|Win32
		{49F81735-1D2D-4C49-9BAB-66F11A4B3598}.Release|Any CPU.ActiveCfg = Release|Win32
		{49F81735-1D2D-4C49-9BAB-66F11A4B3598}.Release|x64.ActiveCfg = Release|x64
		{49F81735-1D2D-4C49-9BAB-66F11A4B3598}.Release|x64.Build.0 = Release|x64
		{49F81735-1D2D-4C49-9BAB-66F11A4B3598}.Release|x86.ActiveCfg = Release|Win32
		{49F81735-1D2D-4C49-9BAB-66F11A4B3598}.Release|x86.Build.0 = Release|Win32
		{7E5C40D2-3810-4985-B886-EE6EC29C8C24}.Debug|Any CPU.ActiveCfg = Debug|Win32
		{7E5C40D2-3810-4985-B886-EE6EC29C8C24}.Debug|x64.ActiveCfg = Debug|x64
		{7E5C40D2-3810-4985-B886-EE6EC29C8C24}.Debug|x64.Build.0 = Debug|x64
		{7E5C40D2-3810-4985-B886-EE6EC29C8C24}.Debug|x86.ActiveCfg = Debug|Win32
		{7E5C40D2-3810-4985-B886-EE6EC29C8C24}.Debug|x86.Build.0 = Debug|Win32
		{7E5C40D2-3810-4985-B886-EE6EC29C8C24}.Release|Any CPU.ActiveCfg = Release|Win32
		{7E5C40D2-3810-4985-B886-EE6EC29C8C24}.Release|x64.ActiveCfg = Release|x64
		{7E5C40D2-3810-4985-B886-EE6EC29C8C24}.Release|x64.Build.0 = Release|x64
		{7E5C40D2-3810-4985-B886-EE6EC29C8C24}.Release|x86.ActiveCfg = Release|Win32
		{7E5C40D2-3810-4985-B886-EE6EC29C8C24}.Release|x86.Build.0 = Release|Win32
		{4B555950-01F1-418E-9C5D-86E3D901D669}.Debug|Any CPU.ActiveCfg = Debug|Win32
		{4B555950-01F1-418E-9C5D-86E3D901D669}.Debug|x64.ActiveCfg = Debug|x64
		{4B555950-01F1-418E-9C5D-86E3D901D669}.Debug|x64.Build.0 = Debug|x64
		{4B555950-01F1-418E-9C5D-86E3D901D669}.Debug|x86.ActiveCfg = Debug|Win32
		{4B555950-01F1-418E-9C5D-86E3D901D669}.Debug|x86.Build.0 = Debug|Win32
		{4B555950-01F1-418E-9C5D-86E3D901D669}.Release|Any CPU.ActiveCfg = Release|Win32
		{4B555950-01F1-418E-9C5D-86E3D901D669}.Release|x64.ActiveCfg = Release|x64
		{4B555950-01F1-418E-9C5D-86E3D901D669}.Release|x64.Build.0 = Release|x64
		{4B555950-01F1-418E-9C5D-86E3D901D669}.Release|x86.ActiveCfg = Release|Win32
		{4B555950-01F1-418E-9C5D-86E3D901D669}.Release|x86.Build.0 = Release|Win32
		{21BD8A2E-A3B0-4926-97CE-E730D540DA56}.Debug|Any CPU.ActiveCfg = Debug|Win32
		{21BD8A2E-A3B0-4926-97CE-E730D540DA56}.Debug|x64.ActiveCfg = Debug|x64
		{21BD8A2E-A3B0-4926-97CE-E730D540DA56}.Debug|x64.Build.0 = Debug|x64
		{21BD8A2E-A3B0-4926-97CE-E730D540DA56}.Debug|x86.ActiveCfg = Debug|Win32
		{21BD8A2E-A3B0-4926-97CE-E730D540DA56}.Debug|x86.Build.0 = Debug|Win32
		{21BD8A2E-A3B0-4926-97CE-E730D540DA56}.Release|Any CPU.ActiveCfg = Release|Win32
		{21BD8A2E-A3B0-4926-97CE-E730D540DA56}.Release|x64.ActiveCfg = Release|x64
		{21BD8A2E-A3B0-4926-97CE-E730D540DA56}.Release|x64.Build.0 = Release|x64
		{21BD8A2E-A3B0-4926-97CE-E730D540DA56}.Release|x86.ActiveCfg = Release|Win32
		{21BD8A2E-A3B0-4926-97CE-E730D540DA56}.Release|x86.Build.0 = Release|Win32
		{A485968E-A4D5-4CAC-9D8E-1AF505906019}.Debug|Any CPU.ActiveCfg = Debug|Win32
		{A485968E-A4D5-4CAC-9D8E-1AF505906019}.Debug|x64.ActiveCfg = Debug|x64
		{A485968E-A4D5-4CAC-9D8E-1AF505906019}.Debug|x64.Build.0 = Debug|x64
		{A485968E-A4D5-4CAC-9D8E-1AF505906019}.Debug|x86.ActiveCfg = Debug|Win32
		{A485968E-A4D5-4CAC-9D8E-1AF505906019}.Debug|x86.Build.0 = Debug|Win32
		{A485968E-A4D5-4CAC-9D8E-1AF505906019}.Release|Any CPU.ActiveCfg = Release|Win32
		{A485968E-A4D5-4CAC-9D8E-1AF505906019}.Release|x64.ActiveCfg = Release|x64
		{A485968E-A4D5-4CAC-9D8E-1AF505906019}.Release|x64.Build.0 = Release|x64
		{A485968E-A4D5-4CAC-9D8E-1AF505906019}.Release|x86.ActiveCfg = Release|Win32
		{A485968E-A4D5-4CAC-9D8E-1AF505906019}.Release|x86.Build.0 = Release|Win32
	EndGlobalSection
	GlobalSection(SolutionProperties) = preSolution
		HideSolutionNode = FALSE
	EndGlobalSection
	GlobalSection(ExtensibilityGlobals) = postSolution
		SolutionGuid = {81115CC1-588A-487D-8EA5-85424C918303}
	EndGlobalSection
EndGlobal
