
Microsoft Visual Studio Solution File, Format Version 12.00
# Visual Studio Version 16
VisualStudioVersion = 16.0.28714.193
MinimumVisualStudioVersion = 10.0.40219.1
Project("{8BC9CEB8-8B4A-11D0-8D11-00A0C91BC942}") = "铺地毯", "铺地毯\铺地毯.vcxproj", "{2DD29785-16F4-47BC-A65F-F79A5571DACF}"
EndProject
Project("{8BC9CEB8-8B4A-11D0-8D11-00A0C91BC942}") = "多项式输出", "多项式输出\多项式输出.vcxproj", "{F5007CFF-3F1F-46C4-BDFF-78FEF3BD79B5}"
EndProject
Project("{8BC9CEB8-8B4A-11D0-8D11-00A0C91BC942}") = "机器翻译", "机器翻译\机器翻译.vcxproj", "{80121404-F48A-43E3-B2EA-2EB1AB8EB579}"
EndProject
Project("{8BC9CEB8-8B4A-11D0-8D11-00A0C91BC942}") = "排座椅", "排座椅\排座椅.vcxproj", "{79427763-04A7-48B7-8A90-02D6FA36D5BA}"
EndProject
Project("{8BC9CEB8-8B4A-11D0-8D11-00A0C91BC942}") = "税收与补贴问题", "税收与补贴问题\税收与补贴问题.vcxproj", "{A7A6229A-4922-4469-B842-2ABDB2DA8CA7}"
EndProject
Project("{8BC9CEB8-8B4A-11D0-8D11-00A0C91BC942}") = "均分纸牌", "均分纸牌\均分纸牌.vcxproj", "{304707EB-7710-4C06-A32E-B666643EED48}"
EndProject
Project("{8BC9CEB8-8B4A-11D0-8D11-00A0C91BC942}") = "乒乓球", "乒乓球\乒乓球.vcxproj", "{24A2E17C-D5ED-44C2-9CF6-101A18144D8C}"
EndProject
Project("{8BC9CEB8-8B4A-11D0-8D11-00A0C91BC942}") = "花生采摘", "花生采摘\花生采摘.vcxproj", "{723765C3-44CF-4B84-8DC6-ADB75FB72F6F}"
EndProject
Project("{8BC9CEB8-8B4A-11D0-8D11-00A0C91BC942}") = "字符串的展开", "字符串的展开\字符串的展开.vcxproj", "{D71F2621-470F-4403-A882-BEB6F4C87C3C}"
EndProject
Project("{8BC9CEB8-8B4A-11D0-8D11-00A0C91BC942}") = "时间复杂度", "时间复杂度\时间复杂度.vcxproj", "{B90698A7-85B7-4CE3-B252-22E5C7C96353}"
EndProject
Project("{8BC9CEB8-8B4A-11D0-8D11-00A0C91BC942}") = "【模板】快速排序", "【模板】快速排序\【模板】快速排序.vcxproj", "{151B4F54-3186-4BC2-A5FA-A6E3BD74E1E3}"
EndProject
Project("{8BC9CEB8-8B4A-11D0-8D11-00A0C91BC942}") = "明明的随机数", "明明的随机数\明明的随机数.vcxproj", "{F2D8658D-098B-47EB-9D05-451AA6B0C527}"
EndProject
Project("{8BC9CEB8-8B4A-11D0-8D11-00A0C91BC942}") = "分数线划定", "分数线划定\分数线划定.vcxproj", "{F1A6D2DB-A237-46A4-8B3C-A8265F3110CE}"
EndProject
Project("{8BC9CEB8-8B4A-11D0-8D11-00A0C91BC942}") = "宇宙总统", "宇宙总统\宇宙总统.vcxproj", "{6DE30D6F-9BB5-4240-9A93-E229CEB9E05B}"
EndProject
Project("{8BC9CEB8-8B4A-11D0-8D11-00A0C91BC942}") = "魔法照片", "魔法照片\魔法照片.vcxproj", "{21379688-B1B3-4780-BB47-039E4DDEB619}"
EndProject
Project("{8BC9CEB8-8B4A-11D0-8D11-00A0C91BC942}") = "谁拿了最多奖学金", "谁拿了最多奖学金\谁拿了最多奖学金.vcxproj", "{461CAC7E-DD3C-4E98-9EC8-8679865569D1}"
EndProject
Project("{8BC9CEB8-8B4A-11D0-8D11-00A0C91BC942}") = "奖学金", "奖学金\奖学金.vcxproj", "{1E1A3C2F-5227-4342-A9DA-FF22A56E1A73}"
EndProject
Project("{8BC9CEB8-8B4A-11D0-8D11-00A0C91BC942}") = "瑞士轮", "瑞士轮\瑞士轮.vcxproj", "{8713C6D8-412D-49FA-B2BB-67105F0BF47E}"
EndProject
Project("{8BC9CEB8-8B4A-11D0-8D11-00A0C91BC942}") = "斯诺登的密码", "斯诺登的密码\斯诺登的密码.vcxproj", "{C543C4C8-C9EC-4917-9272-BDCDEA59A85D}"
EndProject
Project("{8BC9CEB8-8B4A-11D0-8D11-00A0C91BC942}") = "潜伏者", "潜伏者\潜伏者.vcxproj", "{8206297F-13B7-49FF-B1CD-1098F3AD077E}"
EndProject
Project("{8BC9CEB8-8B4A-11D0-8D11-00A0C91BC942}") = "拼数", "拼数\拼数.vcxproj", "{2D215ECD-7DC5-4C41-885C-FC7E747B3BA1}"
EndProject
Project("{8BC9CEB8-8B4A-11D0-8D11-00A0C91BC942}") = "迎春舞会之数字舞蹈", "迎春舞会之数字舞蹈\迎春舞会之数字舞蹈.vcxproj", "{EC305D8F-0D0F-4380-BF16-35EB97C6D13A}"
EndProject
Project("{8BC9CEB8-8B4A-11D0-8D11-00A0C91BC942}") = "合并果子", "合并果子\合并果子.vcxproj", "{814D3413-981D-4FB6-BED8-A1CEF7138A6F}"
EndProject
Project("{8BC9CEB8-8B4A-11D0-8D11-00A0C91BC942}") = "数列分段Section I", "数列分段Section I\数列分段Section I.vcxproj", "{F3D24E03-42A9-458B-A885-32C39BA89F2B}"
EndProject
Project("{8BC9CEB8-8B4A-11D0-8D11-00A0C91BC942}") = "[USACO1.3]混合牛奶 Mixing Milk", "[USACO1.3]混合牛奶 Mixing Milk\[USACO1.3]混合牛奶 Mixing Milk.vcxproj", "{8B7C588E-42C9-4C28-BB6A-8DD969D48E82}"
EndProject
Project("{8BC9CEB8-8B4A-11D0-8D11-00A0C91BC942}") = "排队接水", "排队接水\排队接水.vcxproj", "{DAFC3078-DF3D-4BEE-81B0-C193EA155721}"
EndProject
Project("{8BC9CEB8-8B4A-11D0-8D11-00A0C91BC942}") = "纪念品分组", "纪念品分组\纪念品分组.vcxproj", "{9E08D164-4B51-4696-BFCE-42C0CE34E67B}"
EndProject
Project("{8BC9CEB8-8B4A-11D0-8D11-00A0C91BC942}") = "ConsoleApplication1", "ConsoleApplication1\ConsoleApplication1.vcxproj", "{497D9ACF-9A60-41F1-A4A6-93851BAD5A25}"
EndProject
Project("{8BC9CEB8-8B4A-11D0-8D11-00A0C91BC942}") = "凌乱的yyy 线段覆盖", "凌乱的yyy 线段覆盖\凌乱的yyy 线段覆盖.vcxproj", "{5C8043CC-D809-4F52-BCAD-994AD21ADEC6}"
EndProject
Project("{8BC9CEB8-8B4A-11D0-8D11-00A0C91BC942}") = "国王游戏", "国王游戏\国王游戏.vcxproj", "{EA03119E-B773-4825-9F6C-05E71F9651D9}"
EndProject
Project("{8BC9CEB8-8B4A-11D0-8D11-00A0C91BC942}") = "八皇后", "八皇后\八皇后.vcxproj", "{855A5596-B27F-4676-AAFF-F569D5F02115}"
EndProject
Project("{8BC9CEB8-8B4A-11D0-8D11-00A0C91BC942}") = "单词接龙", "单词接龙\单词接龙.vcxproj", "{9C971C1E-CF08-4E21-A2FC-0D181983363C}"
EndProject
Project("{8BC9CEB8-8B4A-11D0-8D11-00A0C91BC942}") = "迷宫", "迷宫\迷宫.vcxproj", "{3161A3FE-1819-4DC0-943F-8969580EF869}"
EndProject
Project("{8BC9CEB8-8B4A-11D0-8D11-00A0C91BC942}") = "加分二叉树", "加分二叉树\加分二叉树.vcxproj", "{E0999BA5-1BCD-4EA4-896F-EFFE9F40C6E0}"
EndProject
Project("{8BC9CEB8-8B4A-11D0-8D11-00A0C91BC942}") = "单词方阵", "单词方阵\单词方阵.vcxproj", "{4F01E6A2-D281-422E-95F3-3F77F38103C7}"
EndProject
Project("{8BC9CEB8-8B4A-11D0-8D11-00A0C91BC942}") = "虫食算", "虫食算\虫食算.vcxproj", "{EC3D54B0-3267-4731-86A2-F7416FB5842D}"
EndProject
Project("{8BC9CEB8-8B4A-11D0-8D11-00A0C91BC942}") = "填涂颜色", "填涂颜色\填涂颜色.vcxproj", "{CBD1EAF4-8AB5-4FE2-876F-43A9FD0768A4}"
EndProject
Project("{8BC9CEB8-8B4A-11D0-8D11-00A0C91BC942}") = "字串变换", "字串变换\字串变换.vcxproj", "{E2F18F44-9832-4B09-8201-6610392C825A}"
EndProject
Project("{8BC9CEB8-8B4A-11D0-8D11-00A0C91BC942}") = "01迷宫", "01迷宫\01迷宫.vcxproj", "{18ED3052-9168-4F6E-9B23-5DB23DCA8487}"
EndProject
Project("{8BC9CEB8-8B4A-11D0-8D11-00A0C91BC942}") = "机器人搬重物", "机器人搬重物\机器人搬重物.vcxproj", "{36C6C795-F8A2-4459-B721-9D895E0AA07E}"
EndProject
Project("{8BC9CEB8-8B4A-11D0-8D11-00A0C91BC942}") = "马的遍历", "马的遍历\马的遍历.vcxproj", "{E66EBF97-CE43-4C64-AA8C-E51864882F34}"
EndProject
Project("{8BC9CEB8-8B4A-11D0-8D11-00A0C91BC942}") = "[SHOI2002]滑雪", "[SHOI2002]滑雪\[SHOI2002]滑雪.vcxproj", "{3B83A2DC-E977-4F32-9B31-6F90FBCD83DC}"
EndProject
Project("{8BC9CEB8-8B4A-11D0-8D11-00A0C91BC942}") = "吃奶酪", "吃奶酪\吃奶酪.vcxproj", "{99618387-0963-4E15-99D1-7AADB664B765}"
EndProject
Project("{8BC9CEB8-8B4A-11D0-8D11-00A0C91BC942}") = "[USACO06FEB]数字三角形", "[USACO06FEB]数字三角形\[USACO06FEB]数字三角形.vcxproj", "{67986350-B3EE-480F-B2EE-8F5C745484A0}"
EndProject
Project("{8BC9CEB8-8B4A-11D0-8D11-00A0C91BC942}") = "靶形数独", "靶形数独\靶形数独.vcxproj", "{86C195C4-2F63-4705-AC05-2DC728CB7C91}"
EndProject
Project("{8BC9CEB8-8B4A-11D0-8D11-00A0C91BC942}") = "快速幂 取余运算", "快速幂 取余运算\快速幂 取余运算.vcxproj", "{788B6D08-977D-4473-918E-A2191E050C29}"
EndProject
Project("{8BC9CEB8-8B4A-11D0-8D11-00A0C91BC942}") = "幂次方", "幂次方\幂次方.vcxproj", "{EA09FD45-BF33-4267-A961-62532CFA1A8D}"
EndProject
Project("{8BC9CEB8-8B4A-11D0-8D11-00A0C91BC942}") = "逆序对", "逆序对\逆序对.vcxproj", "{70F8ED12-7EBD-46AC-B564-E6481A7E7846}"
EndProject
Global
	GlobalSection(SolutionConfigurationPlatforms) = preSolution
		Debug|x64 = Debug|x64
		Debug|x86 = Debug|x86
		Release|x64 = Release|x64
		Release|x86 = Release|x86
	EndGlobalSection
	GlobalSection(ProjectConfigurationPlatforms) = postSolution
		{2DD29785-16F4-47BC-A65F-F79A5571DACF}.Debug|x64.ActiveCfg = Debug|x64
		{2DD29785-16F4-47BC-A65F-F79A5571DACF}.Debug|x64.Build.0 = Debug|x64
		{2DD29785-16F4-47BC-A65F-F79A5571DACF}.Debug|x86.ActiveCfg = Debug|Win32
		{2DD29785-16F4-47BC-A65F-F79A5571DACF}.Debug|x86.Build.0 = Debug|Win32
		{2DD29785-16F4-47BC-A65F-F79A5571DACF}.Release|x64.ActiveCfg = Release|x64
		{2DD29785-16F4-47BC-A65F-F79A5571DACF}.Release|x64.Build.0 = Release|x64
		{2DD29785-16F4-47BC-A65F-F79A5571DACF}.Release|x86.ActiveCfg = Release|Win32
		{2DD29785-16F4-47BC-A65F-F79A5571DACF}.Release|x86.Build.0 = Release|Win32
		{F5007CFF-3F1F-46C4-BDFF-78FEF3BD79B5}.Debug|x64.ActiveCfg = Debug|x64
		{F5007CFF-3F1F-46C4-BDFF-78FEF3BD79B5}.Debug|x64.Build.0 = Debug|x64
		{F5007CFF-3F1F-46C4-BDFF-78FEF3BD79B5}.Debug|x86.ActiveCfg = Debug|Win32
		{F5007CFF-3F1F-46C4-BDFF-78FEF3BD79B5}.Debug|x86.Build.0 = Debug|Win32
		{F5007CFF-3F1F-46C4-BDFF-78FEF3BD79B5}.Release|x64.ActiveCfg = Release|x64
		{F5007CFF-3F1F-46C4-BDFF-78FEF3BD79B5}.Release|x64.Build.0 = Release|x64
		{F5007CFF-3F1F-46C4-BDFF-78FEF3BD79B5}.Release|x86.ActiveCfg = Release|Win32
		{F5007CFF-3F1F-46C4-BDFF-78FEF3BD79B5}.Release|x86.Build.0 = Release|Win32
		{80121404-F48A-43E3-B2EA-2EB1AB8EB579}.Debug|x64.ActiveCfg = Debug|x64
		{80121404-F48A-43E3-B2EA-2EB1AB8EB579}.Debug|x64.Build.0 = Debug|x64
		{80121404-F48A-43E3-B2EA-2EB1AB8EB579}.Debug|x86.ActiveCfg = Debug|Win32
		{80121404-F48A-43E3-B2EA-2EB1AB8EB579}.Debug|x86.Build.0 = Debug|Win32
		{80121404-F48A-43E3-B2EA-2EB1AB8EB579}.Release|x64.ActiveCfg = Release|x64
		{80121404-F48A-43E3-B2EA-2EB1AB8EB579}.Release|x64.Build.0 = Release|x64
		{80121404-F48A-43E3-B2EA-2EB1AB8EB579}.Release|x86.ActiveCfg = Release|Win32
		{80121404-F48A-43E3-B2EA-2EB1AB8EB579}.Release|x86.Build.0 = Release|Win32
		{79427763-04A7-48B7-8A90-02D6FA36D5BA}.Debug|x64.ActiveCfg = Debug|x64
		{79427763-04A7-48B7-8A90-02D6FA36D5BA}.Debug|x64.Build.0 = Debug|x64
		{79427763-04A7-48B7-8A90-02D6FA36D5BA}.Debug|x86.ActiveCfg = Debug|Win32
		{79427763-04A7-48B7-8A90-02D6FA36D5BA}.Debug|x86.Build.0 = Debug|Win32
		{79427763-04A7-48B7-8A90-02D6FA36D5BA}.Release|x64.ActiveCfg = Release|x64
		{79427763-04A7-48B7-8A90-02D6FA36D5BA}.Release|x64.Build.0 = Release|x64
		{79427763-04A7-48B7-8A90-02D6FA36D5BA}.Release|x86.ActiveCfg = Release|Win32
		{79427763-04A7-48B7-8A90-02D6FA36D5BA}.Release|x86.Build.0 = Release|Win32
		{A7A6229A-4922-4469-B842-2ABDB2DA8CA7}.Debug|x64.ActiveCfg = Debug|x64
		{A7A6229A-4922-4469-B842-2ABDB2DA8CA7}.Debug|x64.Build.0 = Debug|x64
		{A7A6229A-4922-4469-B842-2ABDB2DA8CA7}.Debug|x86.ActiveCfg = Debug|Win32
		{A7A6229A-4922-4469-B842-2ABDB2DA8CA7}.Debug|x86.Build.0 = Debug|Win32
		{A7A6229A-4922-4469-B842-2ABDB2DA8CA7}.Release|x64.ActiveCfg = Release|x64
		{A7A6229A-4922-4469-B842-2ABDB2DA8CA7}.Release|x64.Build.0 = Release|x64
		{A7A6229A-4922-4469-B842-2ABDB2DA8CA7}.Release|x86.ActiveCfg = Release|Win32
		{A7A6229A-4922-4469-B842-2ABDB2DA8CA7}.Release|x86.Build.0 = Release|Win32
		{304707EB-7710-4C06-A32E-B666643EED48}.Debug|x64.ActiveCfg = Debug|x64
		{304707EB-7710-4C06-A32E-B666643EED48}.Debug|x64.Build.0 = Debug|x64
		{304707EB-7710-4C06-A32E-B666643EED48}.Debug|x86.ActiveCfg = Debug|Win32
		{304707EB-7710-4C06-A32E-B666643EED48}.Debug|x86.Build.0 = Debug|Win32
		{304707EB-7710-4C06-A32E-B666643EED48}.Release|x64.ActiveCfg = Release|x64
		{304707EB-7710-4C06-A32E-B666643EED48}.Release|x64.Build.0 = Release|x64
		{304707EB-7710-4C06-A32E-B666643EED48}.Release|x86.ActiveCfg = Release|Win32
		{304707EB-7710-4C06-A32E-B666643EED48}.Release|x86.Build.0 = Release|Win32
		{24A2E17C-D5ED-44C2-9CF6-101A18144D8C}.Debug|x64.ActiveCfg = Debug|x64
		{24A2E17C-D5ED-44C2-9CF6-101A18144D8C}.Debug|x64.Build.0 = Debug|x64
		{24A2E17C-D5ED-44C2-9CF6-101A18144D8C}.Debug|x86.ActiveCfg = Debug|Win32
		{24A2E17C-D5ED-44C2-9CF6-101A18144D8C}.Debug|x86.Build.0 = Debug|Win32
		{24A2E17C-D5ED-44C2-9CF6-101A18144D8C}.Release|x64.ActiveCfg = Release|x64
		{24A2E17C-D5ED-44C2-9CF6-101A18144D8C}.Release|x64.Build.0 = Release|x64
		{24A2E17C-D5ED-44C2-9CF6-101A18144D8C}.Release|x86.ActiveCfg = Release|Win32
		{24A2E17C-D5ED-44C2-9CF6-101A18144D8C}.Release|x86.Build.0 = Release|Win32
		{723765C3-44CF-4B84-8DC6-ADB75FB72F6F}.Debug|x64.ActiveCfg = Debug|x64
		{723765C3-44CF-4B84-8DC6-ADB75FB72F6F}.Debug|x64.Build.0 = Debug|x64
		{723765C3-44CF-4B84-8DC6-ADB75FB72F6F}.Debug|x86.ActiveCfg = Debug|Win32
		{723765C3-44CF-4B84-8DC6-ADB75FB72F6F}.Debug|x86.Build.0 = Debug|Win32
		{723765C3-44CF-4B84-8DC6-ADB75FB72F6F}.Release|x64.ActiveCfg = Release|x64
		{723765C3-44CF-4B84-8DC6-ADB75FB72F6F}.Release|x64.Build.0 = Release|x64
		{723765C3-44CF-4B84-8DC6-ADB75FB72F6F}.Release|x86.ActiveCfg = Release|Win32
		{723765C3-44CF-4B84-8DC6-ADB75FB72F6F}.Release|x86.Build.0 = Release|Win32
		{D71F2621-470F-4403-A882-BEB6F4C87C3C}.Debug|x64.ActiveCfg = Debug|x64
		{D71F2621-470F-4403-A882-BEB6F4C87C3C}.Debug|x64.Build.0 = Debug|x64
		{D71F2621-470F-4403-A882-BEB6F4C87C3C}.Debug|x86.ActiveCfg = Debug|Win32
		{D71F2621-470F-4403-A882-BEB6F4C87C3C}.Debug|x86.Build.0 = Debug|Win32
		{D71F2621-470F-4403-A882-BEB6F4C87C3C}.Release|x64.ActiveCfg = Release|x64
		{D71F2621-470F-4403-A882-BEB6F4C87C3C}.Release|x64.Build.0 = Release|x64
		{D71F2621-470F-4403-A882-BEB6F4C87C3C}.Release|x86.ActiveCfg = Release|Win32
		{D71F2621-470F-4403-A882-BEB6F4C87C3C}.Release|x86.Build.0 = Release|Win32
		{B90698A7-85B7-4CE3-B252-22E5C7C96353}.Debug|x64.ActiveCfg = Debug|x64
		{B90698A7-85B7-4CE3-B252-22E5C7C96353}.Debug|x64.Build.0 = Debug|x64
		{B90698A7-85B7-4CE3-B252-22E5C7C96353}.Debug|x86.ActiveCfg = Debug|Win32
		{B90698A7-85B7-4CE3-B252-22E5C7C96353}.Debug|x86.Build.0 = Debug|Win32
		{B90698A7-85B7-4CE3-B252-22E5C7C96353}.Release|x64.ActiveCfg = Release|x64
		{B90698A7-85B7-4CE3-B252-22E5C7C96353}.Release|x64.Build.0 = Release|x64
		{B90698A7-85B7-4CE3-B252-22E5C7C96353}.Release|x86.ActiveCfg = Release|Win32
		{B90698A7-85B7-4CE3-B252-22E5C7C96353}.Release|x86.Build.0 = Release|Win32
		{151B4F54-3186-4BC2-A5FA-A6E3BD74E1E3}.Debug|x64.ActiveCfg = Debug|x64
		{151B4F54-3186-4BC2-A5FA-A6E3BD74E1E3}.Debug|x64.Build.0 = Debug|x64
		{151B4F54-3186-4BC2-A5FA-A6E3BD74E1E3}.Debug|x86.ActiveCfg = Debug|Win32
		{151B4F54-3186-4BC2-A5FA-A6E3BD74E1E3}.Debug|x86.Build.0 = Debug|Win32
		{151B4F54-3186-4BC2-A5FA-A6E3BD74E1E3}.Release|x64.ActiveCfg = Release|x64
		{151B4F54-3186-4BC2-A5FA-A6E3BD74E1E3}.Release|x64.Build.0 = Release|x64
		{151B4F54-3186-4BC2-A5FA-A6E3BD74E1E3}.Release|x86.ActiveCfg = Release|Win32
		{151B4F54-3186-4BC2-A5FA-A6E3BD74E1E3}.Release|x86.Build.0 = Release|Win32
		{F2D8658D-098B-47EB-9D05-451AA6B0C527}.Debug|x64.ActiveCfg = Debug|x64
		{F2D8658D-098B-47EB-9D05-451AA6B0C527}.Debug|x64.Build.0 = Debug|x64
		{F2D8658D-098B-47EB-9D05-451AA6B0C527}.Debug|x86.ActiveCfg = Debug|Win32
		{F2D8658D-098B-47EB-9D05-451AA6B0C527}.Debug|x86.Build.0 = Debug|Win32
		{F2D8658D-098B-47EB-9D05-451AA6B0C527}.Release|x64.ActiveCfg = Release|x64
		{F2D8658D-098B-47EB-9D05-451AA6B0C527}.Release|x64.Build.0 = Release|x64
		{F2D8658D-098B-47EB-9D05-451AA6B0C527}.Release|x86.ActiveCfg = Release|Win32
		{F2D8658D-098B-47EB-9D05-451AA6B0C527}.Release|x86.Build.0 = Release|Win32
		{F1A6D2DB-A237-46A4-8B3C-A8265F3110CE}.Debug|x64.ActiveCfg = Debug|x64
		{F1A6D2DB-A237-46A4-8B3C-A8265F3110CE}.Debug|x64.Build.0 = Debug|x64
		{F1A6D2DB-A237-46A4-8B3C-A8265F3110CE}.Debug|x86.ActiveCfg = Debug|Win32
		{F1A6D2DB-A237-46A4-8B3C-A8265F3110CE}.Debug|x86.Build.0 = Debug|Win32
		{F1A6D2DB-A237-46A4-8B3C-A8265F3110CE}.Release|x64.ActiveCfg = Release|x64
		{F1A6D2DB-A237-46A4-8B3C-A8265F3110CE}.Release|x64.Build.0 = Release|x64
		{F1A6D2DB-A237-46A4-8B3C-A8265F3110CE}.Release|x86.ActiveCfg = Release|Win32
		{F1A6D2DB-A237-46A4-8B3C-A8265F3110CE}.Release|x86.Build.0 = Release|Win32
		{6DE30D6F-9BB5-4240-9A93-E229CEB9E05B}.Debug|x64.ActiveCfg = Debug|x64
		{6DE30D6F-9BB5-4240-9A93-E229CEB9E05B}.Debug|x64.Build.0 = Debug|x64
		{6DE30D6F-9BB5-4240-9A93-E229CEB9E05B}.Debug|x86.ActiveCfg = Debug|Win32
		{6DE30D6F-9BB5-4240-9A93-E229CEB9E05B}.Debug|x86.Build.0 = Debug|Win32
		{6DE30D6F-9BB5-4240-9A93-E229CEB9E05B}.Release|x64.ActiveCfg = Release|x64
		{6DE30D6F-9BB5-4240-9A93-E229CEB9E05B}.Release|x64.Build.0 = Release|x64
		{6DE30D6F-9BB5-4240-9A93-E229CEB9E05B}.Release|x86.ActiveCfg = Release|Win32
		{6DE30D6F-9BB5-4240-9A93-E229CEB9E05B}.Release|x86.Build.0 = Release|Win32
		{21379688-B1B3-4780-BB47-039E4DDEB619}.Debug|x64.ActiveCfg = Debug|x64
		{21379688-B1B3-4780-BB47-039E4DDEB619}.Debug|x64.Build.0 = Debug|x64
		{21379688-B1B3-4780-BB47-039E4DDEB619}.Debug|x86.ActiveCfg = Debug|Win32
		{21379688-B1B3-4780-BB47-039E4DDEB619}.Debug|x86.Build.0 = Debug|Win32
		{21379688-B1B3-4780-BB47-039E4DDEB619}.Release|x64.ActiveCfg = Release|x64
		{21379688-B1B3-4780-BB47-039E4DDEB619}.Release|x64.Build.0 = Release|x64
		{21379688-B1B3-4780-BB47-039E4DDEB619}.Release|x86.ActiveCfg = Release|Win32
		{21379688-B1B3-4780-BB47-039E4DDEB619}.Release|x86.Build.0 = Release|Win32
		{461CAC7E-DD3C-4E98-9EC8-8679865569D1}.Debug|x64.ActiveCfg = Debug|x64
		{461CAC7E-DD3C-4E98-9EC8-8679865569D1}.Debug|x64.Build.0 = Debug|x64
		{461CAC7E-DD3C-4E98-9EC8-8679865569D1}.Debug|x86.ActiveCfg = Debug|Win32
		{461CAC7E-DD3C-4E98-9EC8-8679865569D1}.Debug|x86.Build.0 = Debug|Win32
		{461CAC7E-DD3C-4E98-9EC8-8679865569D1}.Release|x64.ActiveCfg = Release|x64
		{461CAC7E-DD3C-4E98-9EC8-8679865569D1}.Release|x64.Build.0 = Release|x64
		{461CAC7E-DD3C-4E98-9EC8-8679865569D1}.Release|x86.ActiveCfg = Release|Win32
		{461CAC7E-DD3C-4E98-9EC8-8679865569D1}.Release|x86.Build.0 = Release|Win32
		{1E1A3C2F-5227-4342-A9DA-FF22A56E1A73}.Debug|x64.ActiveCfg = Debug|x64
		{1E1A3C2F-5227-4342-A9DA-FF22A56E1A73}.Debug|x64.Build.0 = Debug|x64
		{1E1A3C2F-5227-4342-A9DA-FF22A56E1A73}.Debug|x86.ActiveCfg = Debug|Win32
		{1E1A3C2F-5227-4342-A9DA-FF22A56E1A73}.Debug|x86.Build.0 = Debug|Win32
		{1E1A3C2F-5227-4342-A9DA-FF22A56E1A73}.Release|x64.ActiveCfg = Release|x64
		{1E1A3C2F-5227-4342-A9DA-FF22A56E1A73}.Release|x64.Build.0 = Release|x64
		{1E1A3C2F-5227-4342-A9DA-FF22A56E1A73}.Release|x86.ActiveCfg = Release|Win32
		{1E1A3C2F-5227-4342-A9DA-FF22A56E1A73}.Release|x86.Build.0 = Release|Win32
		{8713C6D8-412D-49FA-B2BB-67105F0BF47E}.Debug|x64.ActiveCfg = Debug|x64
		{8713C6D8-412D-49FA-B2BB-67105F0BF47E}.Debug|x64.Build.0 = Debug|x64
		{8713C6D8-412D-49FA-B2BB-67105F0BF47E}.Debug|x86.ActiveCfg = Debug|Win32
		{8713C6D8-412D-49FA-B2BB-67105F0BF47E}.Debug|x86.Build.0 = Debug|Win32
		{8713C6D8-412D-49FA-B2BB-67105F0BF47E}.Release|x64.ActiveCfg = Release|x64
		{8713C6D8-412D-49FA-B2BB-67105F0BF47E}.Release|x64.Build.0 = Release|x64
		{8713C6D8-412D-49FA-B2BB-67105F0BF47E}.Release|x86.ActiveCfg = Release|Win32
		{8713C6D8-412D-49FA-B2BB-67105F0BF47E}.Release|x86.Build.0 = Release|Win32
		{C543C4C8-C9EC-4917-9272-BDCDEA59A85D}.Debug|x64.ActiveCfg = Debug|x64
		{C543C4C8-C9EC-4917-9272-BDCDEA59A85D}.Debug|x64.Build.0 = Debug|x64
		{C543C4C8-C9EC-4917-9272-BDCDEA59A85D}.Debug|x86.ActiveCfg = Debug|Win32
		{C543C4C8-C9EC-4917-9272-BDCDEA59A85D}.Debug|x86.Build.0 = Debug|Win32
		{C543C4C8-C9EC-4917-9272-BDCDEA59A85D}.Release|x64.ActiveCfg = Release|x64
		{C543C4C8-C9EC-4917-9272-BDCDEA59A85D}.Release|x64.Build.0 = Release|x64
		{C543C4C8-C9EC-4917-9272-BDCDEA59A85D}.Release|x86.ActiveCfg = Release|Win32
		{C543C4C8-C9EC-4917-9272-BDCDEA59A85D}.Release|x86.Build.0 = Release|Win32
		{8206297F-13B7-49FF-B1CD-1098F3AD077E}.Debug|x64.ActiveCfg = Debug|x64
		{8206297F-13B7-49FF-B1CD-1098F3AD077E}.Debug|x64.Build.0 = Debug|x64
		{8206297F-13B7-49FF-B1CD-1098F3AD077E}.Debug|x86.ActiveCfg = Debug|Win32
		{8206297F-13B7-49FF-B1CD-1098F3AD077E}.Debug|x86.Build.0 = Debug|Win32
		{8206297F-13B7-49FF-B1CD-1098F3AD077E}.Release|x64.ActiveCfg = Release|x64
		{8206297F-13B7-49FF-B1CD-1098F3AD077E}.Release|x64.Build.0 = Release|x64
		{8206297F-13B7-49FF-B1CD-1098F3AD077E}.Release|x86.ActiveCfg = Release|Win32
		{8206297F-13B7-49FF-B1CD-1098F3AD077E}.Release|x86.Build.0 = Release|Win32
		{2D215ECD-7DC5-4C41-885C-FC7E747B3BA1}.Debug|x64.ActiveCfg = Debug|x64
		{2D215ECD-7DC5-4C41-885C-FC7E747B3BA1}.Debug|x64.Build.0 = Debug|x64
		{2D215ECD-7DC5-4C41-885C-FC7E747B3BA1}.Debug|x86.ActiveCfg = Debug|Win32
		{2D215ECD-7DC5-4C41-885C-FC7E747B3BA1}.Debug|x86.Build.0 = Debug|Win32
		{2D215ECD-7DC5-4C41-885C-FC7E747B3BA1}.Release|x64.ActiveCfg = Release|x64
		{2D215ECD-7DC5-4C41-885C-FC7E747B3BA1}.Release|x64.Build.0 = Release|x64
		{2D215ECD-7DC5-4C41-885C-FC7E747B3BA1}.Release|x86.ActiveCfg = Release|Win32
		{2D215ECD-7DC5-4C41-885C-FC7E747B3BA1}.Release|x86.Build.0 = Release|Win32
		{EC305D8F-0D0F-4380-BF16-35EB97C6D13A}.Debug|x64.ActiveCfg = Debug|x64
		{EC305D8F-0D0F-4380-BF16-35EB97C6D13A}.Debug|x64.Build.0 = Debug|x64
		{EC305D8F-0D0F-4380-BF16-35EB97C6D13A}.Debug|x86.ActiveCfg = Debug|Win32
		{EC305D8F-0D0F-4380-BF16-35EB97C6D13A}.Debug|x86.Build.0 = Debug|Win32
		{EC305D8F-0D0F-4380-BF16-35EB97C6D13A}.Release|x64.ActiveCfg = Release|x64
		{EC305D8F-0D0F-4380-BF16-35EB97C6D13A}.Release|x64.Build.0 = Release|x64
		{EC305D8F-0D0F-4380-BF16-35EB97C6D13A}.Release|x86.ActiveCfg = Release|Win32
		{EC305D8F-0D0F-4380-BF16-35EB97C6D13A}.Release|x86.Build.0 = Release|Win32
		{814D3413-981D-4FB6-BED8-A1CEF7138A6F}.Debug|x64.ActiveCfg = Debug|x64
		{814D3413-981D-4FB6-BED8-A1CEF7138A6F}.Debug|x64.Build.0 = Debug|x64
		{814D3413-981D-4FB6-BED8-A1CEF7138A6F}.Debug|x86.ActiveCfg = Debug|Win32
		{814D3413-981D-4FB6-BED8-A1CEF7138A6F}.Debug|x86.Build.0 = Debug|Win32
		{814D3413-981D-4FB6-BED8-A1CEF7138A6F}.Release|x64.ActiveCfg = Release|x64
		{814D3413-981D-4FB6-BED8-A1CEF7138A6F}.Release|x64.Build.0 = Release|x64
		{814D3413-981D-4FB6-BED8-A1CEF7138A6F}.Release|x86.ActiveCfg = Release|Win32
		{814D3413-981D-4FB6-BED8-A1CEF7138A6F}.Release|x86.Build.0 = Release|Win32
		{F3D24E03-42A9-458B-A885-32C39BA89F2B}.Debug|x64.ActiveCfg = Debug|x64
		{F3D24E03-42A9-458B-A885-32C39BA89F2B}.Debug|x64.Build.0 = Debug|x64
		{F3D24E03-42A9-458B-A885-32C39BA89F2B}.Debug|x86.ActiveCfg = Debug|Win32
		{F3D24E03-42A9-458B-A885-32C39BA89F2B}.Debug|x86.Build.0 = Debug|Win32
		{F3D24E03-42A9-458B-A885-32C39BA89F2B}.Release|x64.ActiveCfg = Release|x64
		{F3D24E03-42A9-458B-A885-32C39BA89F2B}.Release|x64.Build.0 = Release|x64
		{F3D24E03-42A9-458B-A885-32C39BA89F2B}.Release|x86.ActiveCfg = Release|Win32
		{F3D24E03-42A9-458B-A885-32C39BA89F2B}.Release|x86.Build.0 = Release|Win32
		{8B7C588E-42C9-4C28-BB6A-8DD969D48E82}.Debug|x64.ActiveCfg = Debug|x64
		{8B7C588E-42C9-4C28-BB6A-8DD969D48E82}.Debug|x64.Build.0 = Debug|x64
		{8B7C588E-42C9-4C28-BB6A-8DD969D48E82}.Debug|x86.ActiveCfg = Debug|Win32
		{8B7C588E-42C9-4C28-BB6A-8DD969D48E82}.Debug|x86.Build.0 = Debug|Win32
		{8B7C588E-42C9-4C28-BB6A-8DD969D48E82}.Release|x64.ActiveCfg = Release|x64
		{8B7C588E-42C9-4C28-BB6A-8DD969D48E82}.Release|x64.Build.0 = Release|x64
		{8B7C588E-42C9-4C28-BB6A-8DD969D48E82}.Release|x86.ActiveCfg = Release|Win32
		{8B7C588E-42C9-4C28-BB6A-8DD969D48E82}.Release|x86.Build.0 = Release|Win32
		{DAFC3078-DF3D-4BEE-81B0-C193EA155721}.Debug|x64.ActiveCfg = Debug|x64
		{DAFC3078-DF3D-4BEE-81B0-C193EA155721}.Debug|x64.Build.0 = Debug|x64
		{DAFC3078-DF3D-4BEE-81B0-C193EA155721}.Debug|x86.ActiveCfg = Debug|Win32
		{DAFC3078-DF3D-4BEE-81B0-C193EA155721}.Debug|x86.Build.0 = Debug|Win32
		{DAFC3078-DF3D-4BEE-81B0-C193EA155721}.Release|x64.ActiveCfg = Release|x64
		{DAFC3078-DF3D-4BEE-81B0-C193EA155721}.Release|x64.Build.0 = Release|x64
		{DAFC3078-DF3D-4BEE-81B0-C193EA155721}.Release|x86.ActiveCfg = Release|Win32
		{DAFC3078-DF3D-4BEE-81B0-C193EA155721}.Release|x86.Build.0 = Release|Win32
		{9E08D164-4B51-4696-BFCE-42C0CE34E67B}.Debug|x64.ActiveCfg = Debug|x64
		{9E08D164-4B51-4696-BFCE-42C0CE34E67B}.Debug|x64.Build.0 = Debug|x64
		{9E08D164-4B51-4696-BFCE-42C0CE34E67B}.Debug|x86.ActiveCfg = Debug|Win32
		{9E08D164-4B51-4696-BFCE-42C0CE34E67B}.Debug|x86.Build.0 = Debug|Win32
		{9E08D164-4B51-4696-BFCE-42C0CE34E67B}.Release|x64.ActiveCfg = Release|x64
		{9E08D164-4B51-4696-BFCE-42C0CE34E67B}.Release|x64.Build.0 = Release|x64
		{9E08D164-4B51-4696-BFCE-42C0CE34E67B}.Release|x86.ActiveCfg = Release|Win32
		{9E08D164-4B51-4696-BFCE-42C0CE34E67B}.Release|x86.Build.0 = Release|Win32
		{497D9ACF-9A60-41F1-A4A6-93851BAD5A25}.Debug|x64.ActiveCfg = Debug|x64
		{497D9ACF-9A60-41F1-A4A6-93851BAD5A25}.Debug|x64.Build.0 = Debug|x64
		{497D9ACF-9A60-41F1-A4A6-93851BAD5A25}.Debug|x86.ActiveCfg = Debug|Win32
		{497D9ACF-9A60-41F1-A4A6-93851BAD5A25}.Debug|x86.Build.0 = Debug|Win32
		{497D9ACF-9A60-41F1-A4A6-93851BAD5A25}.Release|x64.ActiveCfg = Release|x64
		{497D9ACF-9A60-41F1-A4A6-93851BAD5A25}.Release|x64.Build.0 = Release|x64
		{497D9ACF-9A60-41F1-A4A6-93851BAD5A25}.Release|x86.ActiveCfg = Release|Win32
		{497D9ACF-9A60-41F1-A4A6-93851BAD5A25}.Release|x86.Build.0 = Release|Win32
		{5C8043CC-D809-4F52-BCAD-994AD21ADEC6}.Debug|x64.ActiveCfg = Debug|x64
		{5C8043CC-D809-4F52-BCAD-994AD21ADEC6}.Debug|x64.Build.0 = Debug|x64
		{5C8043CC-D809-4F52-BCAD-994AD21ADEC6}.Debug|x86.ActiveCfg = Debug|Win32
		{5C8043CC-D809-4F52-BCAD-994AD21ADEC6}.Debug|x86.Build.0 = Debug|Win32
		{5C8043CC-D809-4F52-BCAD-994AD21ADEC6}.Release|x64.ActiveCfg = Release|x64
		{5C8043CC-D809-4F52-BCAD-994AD21ADEC6}.Release|x64.Build.0 = Release|x64
		{5C8043CC-D809-4F52-BCAD-994AD21ADEC6}.Release|x86.ActiveCfg = Release|Win32
		{5C8043CC-D809-4F52-BCAD-994AD21ADEC6}.Release|x86.Build.0 = Release|Win32
		{EA03119E-B773-4825-9F6C-05E71F9651D9}.Debug|x64.ActiveCfg = Debug|x64
		{EA03119E-B773-4825-9F6C-05E71F9651D9}.Debug|x64.Build.0 = Debug|x64
		{EA03119E-B773-4825-9F6C-05E71F9651D9}.Debug|x86.ActiveCfg = Debug|Win32
		{EA03119E-B773-4825-9F6C-05E71F9651D9}.Debug|x86.Build.0 = Debug|Win32
		{EA03119E-B773-4825-9F6C-05E71F9651D9}.Release|x64.ActiveCfg = Release|x64
		{EA03119E-B773-4825-9F6C-05E71F9651D9}.Release|x64.Build.0 = Release|x64
		{EA03119E-B773-4825-9F6C-05E71F9651D9}.Release|x86.ActiveCfg = Release|Win32
		{EA03119E-B773-4825-9F6C-05E71F9651D9}.Release|x86.Build.0 = Release|Win32
		{855A5596-B27F-4676-AAFF-F569D5F02115}.Debug|x64.ActiveCfg = Debug|x64
		{855A5596-B27F-4676-AAFF-F569D5F02115}.Debug|x64.Build.0 = Debug|x64
		{855A5596-B27F-4676-AAFF-F569D5F02115}.Debug|x86.ActiveCfg = Debug|Win32
		{855A5596-B27F-4676-AAFF-F569D5F02115}.Debug|x86.Build.0 = Debug|Win32
		{855A5596-B27F-4676-AAFF-F569D5F02115}.Release|x64.ActiveCfg = Release|x64
		{855A5596-B27F-4676-AAFF-F569D5F02115}.Release|x64.Build.0 = Release|x64
		{855A5596-B27F-4676-AAFF-F569D5F02115}.Release|x86.ActiveCfg = Release|Win32
		{855A5596-B27F-4676-AAFF-F569D5F02115}.Release|x86.Build.0 = Release|Win32
		{9C971C1E-CF08-4E21-A2FC-0D181983363C}.Debug|x64.ActiveCfg = Debug|x64
		{9C971C1E-CF08-4E21-A2FC-0D181983363C}.Debug|x64.Build.0 = Debug|x64
		{9C971C1E-CF08-4E21-A2FC-0D181983363C}.Debug|x86.ActiveCfg = Debug|Win32
		{9C971C1E-CF08-4E21-A2FC-0D181983363C}.Debug|x86.Build.0 = Debug|Win32
		{9C971C1E-CF08-4E21-A2FC-0D181983363C}.Release|x64.ActiveCfg = Release|x64
		{9C971C1E-CF08-4E21-A2FC-0D181983363C}.Release|x64.Build.0 = Release|x64
		{9C971C1E-CF08-4E21-A2FC-0D181983363C}.Release|x86.ActiveCfg = Release|Win32
		{9C971C1E-CF08-4E21-A2FC-0D181983363C}.Release|x86.Build.0 = Release|Win32
		{3161A3FE-1819-4DC0-943F-8969580EF869}.Debug|x64.ActiveCfg = Debug|x64
		{3161A3FE-1819-4DC0-943F-8969580EF869}.Debug|x64.Build.0 = Debug|x64
		{3161A3FE-1819-4DC0-943F-8969580EF869}.Debug|x86.ActiveCfg = Debug|Win32
		{3161A3FE-1819-4DC0-943F-8969580EF869}.Debug|x86.Build.0 = Debug|Win32
		{3161A3FE-1819-4DC0-943F-8969580EF869}.Release|x64.ActiveCfg = Release|x64
		{3161A3FE-1819-4DC0-943F-8969580EF869}.Release|x64.Build.0 = Release|x64
		{3161A3FE-1819-4DC0-943F-8969580EF869}.Release|x86.ActiveCfg = Release|Win32
		{3161A3FE-1819-4DC0-943F-8969580EF869}.Release|x86.Build.0 = Release|Win32
		{E0999BA5-1BCD-4EA4-896F-EFFE9F40C6E0}.Debug|x64.ActiveCfg = Debug|x64
		{E0999BA5-1BCD-4EA4-896F-EFFE9F40C6E0}.Debug|x64.Build.0 = Debug|x64
		{E0999BA5-1BCD-4EA4-896F-EFFE9F40C6E0}.Debug|x86.ActiveCfg = Debug|Win32
		{E0999BA5-1BCD-4EA4-896F-EFFE9F40C6E0}.Debug|x86.Build.0 = Debug|Win32
		{E0999BA5-1BCD-4EA4-896F-EFFE9F40C6E0}.Release|x64.ActiveCfg = Release|x64
		{E0999BA5-1BCD-4EA4-896F-EFFE9F40C6E0}.Release|x64.Build.0 = Release|x64
		{E0999BA5-1BCD-4EA4-896F-EFFE9F40C6E0}.Release|x86.ActiveCfg = Release|Win32
		{E0999BA5-1BCD-4EA4-896F-EFFE9F40C6E0}.Release|x86.Build.0 = Release|Win32
		{4F01E6A2-D281-422E-95F3-3F77F38103C7}.Debug|x64.ActiveCfg = Debug|x64
		{4F01E6A2-D281-422E-95F3-3F77F38103C7}.Debug|x64.Build.0 = Debug|x64
		{4F01E6A2-D281-422E-95F3-3F77F38103C7}.Debug|x86.ActiveCfg = Debug|Win32
		{4F01E6A2-D281-422E-95F3-3F77F38103C7}.Debug|x86.Build.0 = Debug|Win32
		{4F01E6A2-D281-422E-95F3-3F77F38103C7}.Release|x64.ActiveCfg = Release|x64
		{4F01E6A2-D281-422E-95F3-3F77F38103C7}.Release|x64.Build.0 = Release|x64
		{4F01E6A2-D281-422E-95F3-3F77F38103C7}.Release|x86.ActiveCfg = Release|Win32
		{4F01E6A2-D281-422E-95F3-3F77F38103C7}.Release|x86.Build.0 = Release|Win32
		{EC3D54B0-3267-4731-86A2-F7416FB5842D}.Debug|x64.ActiveCfg = Debug|x64
		{EC3D54B0-3267-4731-86A2-F7416FB5842D}.Debug|x64.Build.0 = Debug|x64
		{EC3D54B0-3267-4731-86A2-F7416FB5842D}.Debug|x86.ActiveCfg = Debug|Win32
		{EC3D54B0-3267-4731-86A2-F7416FB5842D}.Debug|x86.Build.0 = Debug|Win32
		{EC3D54B0-3267-4731-86A2-F7416FB5842D}.Release|x64.ActiveCfg = Release|x64
		{EC3D54B0-3267-4731-86A2-F7416FB5842D}.Release|x64.Build.0 = Release|x64
		{EC3D54B0-3267-4731-86A2-F7416FB5842D}.Release|x86.ActiveCfg = Release|Win32
		{EC3D54B0-3267-4731-86A2-F7416FB5842D}.Release|x86.Build.0 = Release|Win32
		{CBD1EAF4-8AB5-4FE2-876F-43A9FD0768A4}.Debug|x64.ActiveCfg = Debug|x64
		{CBD1EAF4-8AB5-4FE2-876F-43A9FD0768A4}.Debug|x64.Build.0 = Debug|x64
		{CBD1EAF4-8AB5-4FE2-876F-43A9FD0768A4}.Debug|x86.ActiveCfg = Debug|Win32
		{CBD1EAF4-8AB5-4FE2-876F-43A9FD0768A4}.Debug|x86.Build.0 = Debug|Win32
		{CBD1EAF4-8AB5-4FE2-876F-43A9FD0768A4}.Release|x64.ActiveCfg = Release|x64
		{CBD1EAF4-8AB5-4FE2-876F-43A9FD0768A4}.Release|x64.Build.0 = Release|x64
		{CBD1EAF4-8AB5-4FE2-876F-43A9FD0768A4}.Release|x86.ActiveCfg = Release|Win32
		{CBD1EAF4-8AB5-4FE2-876F-43A9FD0768A4}.Release|x86.Build.0 = Release|Win32
		{E2F18F44-9832-4B09-8201-6610392C825A}.Debug|x64.ActiveCfg = Debug|x64
		{E2F18F44-9832-4B09-8201-6610392C825A}.Debug|x64.Build.0 = Debug|x64
		{E2F18F44-9832-4B09-8201-6610392C825A}.Debug|x86.ActiveCfg = Debug|Win32
		{E2F18F44-9832-4B09-8201-6610392C825A}.Debug|x86.Build.0 = Debug|Win32
		{E2F18F44-9832-4B09-8201-6610392C825A}.Release|x64.ActiveCfg = Release|x64
		{E2F18F44-9832-4B09-8201-6610392C825A}.Release|x64.Build.0 = Release|x64
		{E2F18F44-9832-4B09-8201-6610392C825A}.Release|x86.ActiveCfg = Release|Win32
		{E2F18F44-9832-4B09-8201-6610392C825A}.Release|x86.Build.0 = Release|Win32
		{18ED3052-9168-4F6E-9B23-5DB23DCA8487}.Debug|x64.ActiveCfg = Debug|x64
		{18ED3052-9168-4F6E-9B23-5DB23DCA8487}.Debug|x64.Build.0 = Debug|x64
		{18ED3052-9168-4F6E-9B23-5DB23DCA8487}.Debug|x86.ActiveCfg = Debug|Win32
		{18ED3052-9168-4F6E-9B23-5DB23DCA8487}.Debug|x86.Build.0 = Debug|Win32
		{18ED3052-9168-4F6E-9B23-5DB23DCA8487}.Release|x64.ActiveCfg = Release|x64
		{18ED3052-9168-4F6E-9B23-5DB23DCA8487}.Release|x64.Build.0 = Release|x64
		{18ED3052-9168-4F6E-9B23-5DB23DCA8487}.Release|x86.ActiveCfg = Release|Win32
		{18ED3052-9168-4F6E-9B23-5DB23DCA8487}.Release|x86.Build.0 = Release|Win32
		{36C6C795-F8A2-4459-B721-9D895E0AA07E}.Debug|x64.ActiveCfg = Debug|x64
		{36C6C795-F8A2-4459-B721-9D895E0AA07E}.Debug|x64.Build.0 = Debug|x64
		{36C6C795-F8A2-4459-B721-9D895E0AA07E}.Debug|x86.ActiveCfg = Debug|Win32
		{36C6C795-F8A2-4459-B721-9D895E0AA07E}.Debug|x86.Build.0 = Debug|Win32
		{36C6C795-F8A2-4459-B721-9D895E0AA07E}.Release|x64.ActiveCfg = Release|x64
		{36C6C795-F8A2-4459-B721-9D895E0AA07E}.Release|x64.Build.0 = Release|x64
		{36C6C795-F8A2-4459-B721-9D895E0AA07E}.Release|x86.ActiveCfg = Release|Win32
		{36C6C795-F8A2-4459-B721-9D895E0AA07E}.Release|x86.Build.0 = Release|Win32
		{E66EBF97-CE43-4C64-AA8C-E51864882F34}.Debug|x64.ActiveCfg = Debug|x64
		{E66EBF97-CE43-4C64-AA8C-E51864882F34}.Debug|x64.Build.0 = Debug|x64
		{E66EBF97-CE43-4C64-AA8C-E51864882F34}.Debug|x86.ActiveCfg = Debug|Win32
		{E66EBF97-CE43-4C64-AA8C-E51864882F34}.Debug|x86.Build.0 = Debug|Win32
		{E66EBF97-CE43-4C64-AA8C-E51864882F34}.Release|x64.ActiveCfg = Release|x64
		{E66EBF97-CE43-4C64-AA8C-E51864882F34}.Release|x64.Build.0 = Release|x64
		{E66EBF97-CE43-4C64-AA8C-E51864882F34}.Release|x86.ActiveCfg = Release|Win32
		{E66EBF97-CE43-4C64-AA8C-E51864882F34}.Release|x86.Build.0 = Release|Win32
		{3B83A2DC-E977-4F32-9B31-6F90FBCD83DC}.Debug|x64.ActiveCfg = Debug|x64
		{3B83A2DC-E977-4F32-9B31-6F90FBCD83DC}.Debug|x64.Build.0 = Debug|x64
		{3B83A2DC-E977-4F32-9B31-6F90FBCD83DC}.Debug|x86.ActiveCfg = Debug|Win32
		{3B83A2DC-E977-4F32-9B31-6F90FBCD83DC}.Debug|x86.Build.0 = Debug|Win32
		{3B83A2DC-E977-4F32-9B31-6F90FBCD83DC}.Release|x64.ActiveCfg = Release|x64
		{3B83A2DC-E977-4F32-9B31-6F90FBCD83DC}.Release|x64.Build.0 = Release|x64
		{3B83A2DC-E977-4F32-9B31-6F90FBCD83DC}.Release|x86.ActiveCfg = Release|Win32
		{3B83A2DC-E977-4F32-9B31-6F90FBCD83DC}.Release|x86.Build.0 = Release|Win32
		{99618387-0963-4E15-99D1-7AADB664B765}.Debug|x64.ActiveCfg = Debug|x64
		{99618387-0963-4E15-99D1-7AADB664B765}.Debug|x64.Build.0 = Debug|x64
		{99618387-0963-4E15-99D1-7AADB664B765}.Debug|x86.ActiveCfg = Debug|Win32
		{99618387-0963-4E15-99D1-7AADB664B765}.Debug|x86.Build.0 = Debug|Win32
		{99618387-0963-4E15-99D1-7AADB664B765}.Release|x64.ActiveCfg = Release|x64
		{99618387-0963-4E15-99D1-7AADB664B765}.Release|x64.Build.0 = Release|x64
		{99618387-0963-4E15-99D1-7AADB664B765}.Release|x86.ActiveCfg = Release|Win32
		{99618387-0963-4E15-99D1-7AADB664B765}.Release|x86.Build.0 = Release|Win32
		{67986350-B3EE-480F-B2EE-8F5C745484A0}.Debug|x64.ActiveCfg = Debug|x64
		{67986350-B3EE-480F-B2EE-8F5C745484A0}.Debug|x64.Build.0 = Debug|x64
		{67986350-B3EE-480F-B2EE-8F5C745484A0}.Debug|x86.ActiveCfg = Debug|Win32
		{67986350-B3EE-480F-B2EE-8F5C745484A0}.Debug|x86.Build.0 = Debug|Win32
		{67986350-B3EE-480F-B2EE-8F5C745484A0}.Release|x64.ActiveCfg = Release|x64
		{67986350-B3EE-480F-B2EE-8F5C745484A0}.Release|x64.Build.0 = Release|x64
		{67986350-B3EE-480F-B2EE-8F5C745484A0}.Release|x86.ActiveCfg = Release|Win32
		{67986350-B3EE-480F-B2EE-8F5C745484A0}.Release|x86.Build.0 = Release|Win32
		{86C195C4-2F63-4705-AC05-2DC728CB7C91}.Debug|x64.ActiveCfg = Debug|x64
		{86C195C4-2F63-4705-AC05-2DC728CB7C91}.Debug|x64.Build.0 = Debug|x64
		{86C195C4-2F63-4705-AC05-2DC728CB7C91}.Debug|x86.ActiveCfg = Debug|Win32
		{86C195C4-2F63-4705-AC05-2DC728CB7C91}.Debug|x86.Build.0 = Debug|Win32
		{86C195C4-2F63-4705-AC05-2DC728CB7C91}.Release|x64.ActiveCfg = Release|x64
		{86C195C4-2F63-4705-AC05-2DC728CB7C91}.Release|x64.Build.0 = Release|x64
		{86C195C4-2F63-4705-AC05-2DC728CB7C91}.Release|x86.ActiveCfg = Release|Win32
		{86C195C4-2F63-4705-AC05-2DC728CB7C91}.Release|x86.Build.0 = Release|Win32
		{788B6D08-977D-4473-918E-A2191E050C29}.Debug|x64.ActiveCfg = Debug|x64
		{788B6D08-977D-4473-918E-A2191E050C29}.Debug|x64.Build.0 = Debug|x64
		{788B6D08-977D-4473-918E-A2191E050C29}.Debug|x86.ActiveCfg = Debug|Win32
		{788B6D08-977D-4473-918E-A2191E050C29}.Debug|x86.Build.0 = Debug|Win32
		{788B6D08-977D-4473-918E-A2191E050C29}.Release|x64.ActiveCfg = Release|x64
		{788B6D08-977D-4473-918E-A2191E050C29}.Release|x64.Build.0 = Release|x64
		{788B6D08-977D-4473-918E-A2191E050C29}.Release|x86.ActiveCfg = Release|Win32
		{788B6D08-977D-4473-918E-A2191E050C29}.Release|x86.Build.0 = Release|Win32
		{EA09FD45-BF33-4267-A961-62532CFA1A8D}.Debug|x64.ActiveCfg = Debug|x64
		{EA09FD45-BF33-4267-A961-62532CFA1A8D}.Debug|x64.Build.0 = Debug|x64
		{EA09FD45-BF33-4267-A961-62532CFA1A8D}.Debug|x86.ActiveCfg = Debug|Win32
		{EA09FD45-BF33-4267-A961-62532CFA1A8D}.Debug|x86.Build.0 = Debug|Win32
		{EA09FD45-BF33-4267-A961-62532CFA1A8D}.Release|x64.ActiveCfg = Release|x64
		{EA09FD45-BF33-4267-A961-62532CFA1A8D}.Release|x64.Build.0 = Release|x64
		{EA09FD45-BF33-4267-A961-62532CFA1A8D}.Release|x86.ActiveCfg = Release|Win32
		{EA09FD45-BF33-4267-A961-62532CFA1A8D}.Release|x86.Build.0 = Release|Win32
		{70F8ED12-7EBD-46AC-B564-E6481A7E7846}.Debug|x64.ActiveCfg = Debug|x64
		{70F8ED12-7EBD-46AC-B564-E6481A7E7846}.Debug|x64.Build.0 = Debug|x64
		{70F8ED12-7EBD-46AC-B564-E6481A7E7846}.Debug|x86.ActiveCfg = Debug|Win32
		{70F8ED12-7EBD-46AC-B564-E6481A7E7846}.Debug|x86.Build.0 = Debug|Win32
		{70F8ED12-7EBD-46AC-B564-E6481A7E7846}.Release|x64.ActiveCfg = Release|x64
		{70F8ED12-7EBD-46AC-B564-E6481A7E7846}.Release|x64.Build.0 = Release|x64
		{70F8ED12-7EBD-46AC-B564-E6481A7E7846}.Release|x86.ActiveCfg = Release|Win32
		{70F8ED12-7EBD-46AC-B564-E6481A7E7846}.Release|x86.Build.0 = Release|Win32
	EndGlobalSection
	GlobalSection(SolutionProperties) = preSolution
		HideSolutionNode = FALSE
	EndGlobalSection
	GlobalSection(ExtensibilityGlobals) = postSolution
		SolutionGuid = {9C2141D3-156B-48CC-9772-2F5A0C8D4972}
	EndGlobalSection
EndGlobal
