
Microsoft Visual Studio Solution File, Format Version 12.00
# Visual Studio Version 16
VisualStudioVersion = 16.0.28714.193
MinimumVisualStudioVersion = 10.0.40219.1
Project("{8BC9CEB8-8B4A-11D0-8D11-00A0C91BC942}") = "超级玛丽游戏", "超级玛丽游戏\超级玛丽游戏.vcxproj", "{6CBAA926-5A20-46BA-BD3A-000869088840}"
EndProject
Project("{8BC9CEB8-8B4A-11D0-8D11-00A0C91BC942}") = "小鱼的游泳时间", "小鱼的游泳时间\小鱼的游泳时间.vcxproj", "{09369F32-6A15-4123-8FFF-C3616A2D679C}"
EndProject
Project("{8BC9CEB8-8B4A-11D0-8D11-00A0C91BC942}") = "小玉买文具", "小玉买文具\小玉买文具.vcxproj", "{599A8DE8-38E7-4CCD-9105-D1A87380F77B}"
EndProject
Project("{8BC9CEB8-8B4A-11D0-8D11-00A0C91BC942}") = "小玉家的电费", "小玉家的电费\小玉家的电费.vcxproj", "{C6C81423-7A91-4025-A9F4-5FA8D4D892AA}"
EndProject
Project("{8BC9CEB8-8B4A-11D0-8D11-00A0C91BC942}") = "不高兴的津津", "不高兴的津津\不高兴的津津.vcxproj", "{964D08C6-38B1-45D0-9767-C789D7F58915}"
EndProject
Project("{8BC9CEB8-8B4A-11D0-8D11-00A0C91BC942}") = "津津的储蓄计划", "津津的储蓄计划\津津的储蓄计划.vcxproj", "{B491921B-94ED-4DD7-B10D-F990351CEB86}"
EndProject
Project("{8BC9CEB8-8B4A-11D0-8D11-00A0C91BC942}") = "买铅笔", "买铅笔\买铅笔.vcxproj", "{828AD606-801D-43B8-9DA6-133808018126}"
EndProject
Project("{8BC9CEB8-8B4A-11D0-8D11-00A0C91BC942}") = "三连击", "三连击\三连击.vcxproj", "{7094E9A6-31D2-485A-A673-0E8BD7BFF3CC}"
EndProject
Project("{8BC9CEB8-8B4A-11D0-8D11-00A0C91BC942}") = "级数求和", "级数求和\级数求和.vcxproj", "{BE337499-A465-4BDD-B3A4-2E864A18607E}"
EndProject
Project("{8BC9CEB8-8B4A-11D0-8D11-00A0C91BC942}") = "小玉在游泳", "小玉在游泳\小玉在游泳.vcxproj", "{1511B2D4-A463-49D0-83D8-8C57846A34CF}"
EndProject
Project("{8BC9CEB8-8B4A-11D0-8D11-00A0C91BC942}") = "小鱼的航程(改进版)", "小鱼的航程(改进版)\小鱼的航程(改进版).vcxproj", "{B236F65D-C53B-45B6-A175-3713CB90AD91}"
EndProject
Project("{8BC9CEB8-8B4A-11D0-8D11-00A0C91BC942}") = "计数问题", "计数问题\计数问题.vcxproj", "{E2721AD2-8436-48D6-BD0B-8BAAC13716E5}"
EndProject
Project("{8BC9CEB8-8B4A-11D0-8D11-00A0C91BC942}") = "陶陶摘苹果", "陶陶摘苹果\陶陶摘苹果.vcxproj", "{A7693F08-8DBA-4208-828B-8A88AF75C237}"
EndProject
Project("{8BC9CEB8-8B4A-11D0-8D11-00A0C91BC942}") = "小鱼的数字游戏", "小鱼的数字游戏\小鱼的数字游戏.vcxproj", "{4E10DD02-D6E9-4064-BD07-3668C638D286}"
EndProject
Project("{8BC9CEB8-8B4A-11D0-8D11-00A0C91BC942}") = "小鱼比可爱", "小鱼比可爱\小鱼比可爱.vcxproj", "{2272969D-3889-42FD-AD25-0B30DAE6D505}"
EndProject
Project("{8BC9CEB8-8B4A-11D0-8D11-00A0C91BC942}") = "珠心算测验", "珠心算测验\珠心算测验.vcxproj", "{B3CDAC97-45D2-49B1-BADC-5FD6B2B6D9A0}"
EndProject
Project("{8BC9CEB8-8B4A-11D0-8D11-00A0C91BC942}") = "ISBN号码", "ISBN号码\ISBN号码.vcxproj", "{D263AA93-98DA-46D4-B667-C59BE328312F}"
EndProject
Project("{8BC9CEB8-8B4A-11D0-8D11-00A0C91BC942}") = "USACO1.1", "USACO1.1\USACO1.1.vcxproj", "{E0B39FAB-EDB4-4C62-8564-B70A9AEE5CC8}"
EndProject
Project("{8BC9CEB8-8B4A-11D0-8D11-00A0C91BC942}") = "统计单词数", "统计单词数\统计单词数.vcxproj", "{D958D283-0374-4EAF-8067-461C8EDB9674}"
EndProject
Project("{8BC9CEB8-8B4A-11D0-8D11-00A0C91BC942}") = "数字反转（升级版）", "数字反转（升级版）\数字反转（升级版）.vcxproj", "{DCD2051D-F2FC-46DD-9820-350B883B4B48}"
EndProject
Project("{8BC9CEB8-8B4A-11D0-8D11-00A0C91BC942}") = "垂直柱状图", "垂直柱状图\垂直柱状图.vcxproj", "{F2F80DB0-E0D0-442B-88CC-CFDC1EA20347}"
EndProject
Project("{8BC9CEB8-8B4A-11D0-8D11-00A0C91BC942}") = "小书童——密码", "小书童——密码\小书童——密码.vcxproj", "{D89AC21D-C94F-49D9-B93C-4C796BD37C0B}"
EndProject
Project("{8BC9CEB8-8B4A-11D0-8D11-00A0C91BC942}") = "数的计算", "数的计算\数的计算.vcxproj", "{F4FCB8E6-0EA7-4532-A568-42ADEBC0B70D}"
EndProject
Project("{8BC9CEB8-8B4A-11D0-8D11-00A0C91BC942}") = "选数", "选数\选数.vcxproj", "{AC40F890-8020-46D6-AC6E-818777FB7ABB}"
EndProject
Project("{8BC9CEB8-8B4A-11D0-8D11-00A0C91BC942}") = "USACO 1.5", "USACO 1.5\USACO 1.5.vcxproj", "{0BBDE03B-3315-4FEC-85D2-0BB9B137DE71}"
EndProject
Project("{8BC9CEB8-8B4A-11D0-8D11-00A0C91BC942}") = "火柴棒等式", "火柴棒等式\火柴棒等式.vcxproj", "{95529B07-92B5-4B04-837E-0A5C0373FA4E}"
EndProject
Project("{8BC9CEB8-8B4A-11D0-8D11-00A0C91BC942}") = "陶陶摘苹果（升级版）", "陶陶摘苹果（升级版）\陶陶摘苹果（升级版）.vcxproj", "{19FA6EF4-AF7E-4C2E-89DF-74AC0F580893}"
EndProject
Project("{8BC9CEB8-8B4A-11D0-8D11-00A0C91BC942}") = "三连击（升级版）", "三连击（升级版）\三连击（升级版）.vcxproj", "{8F9FE23E-9FA5-4C9D-9F51-8F5828C4FE19}"
EndProject
Project("{8BC9CEB8-8B4A-11D0-8D11-00A0C91BC942}") = "哥德巴赫猜想（升级版）", "哥德巴赫猜想（升级版）\哥德巴赫猜想（升级版）.vcxproj", "{DA195E4F-4214-4448-A089-B4B5FD810C31}"
EndProject
Project("{8BC9CEB8-8B4A-11D0-8D11-00A0C91BC942}") = "烤鸡", "烤鸡\烤鸡.vcxproj", "{ED348B1B-4DC0-4865-AFE5-5ED9AEC6CB98}"
EndProject
Project("{8BC9CEB8-8B4A-11D0-8D11-00A0C91BC942}") = "小鱼会有危险吗", "小鱼会有危险吗\小鱼会有危险吗.vcxproj", "{8D379DBB-E685-4E32-BDA2-1F69F7D3F459}"
EndProject
Project("{8BC9CEB8-8B4A-11D0-8D11-00A0C91BC942}") = "Function", "Function\Function.vcxproj", "{E36E671F-8EE1-45D2-B3BB-53FD97148E5A}"
EndProject
Project("{8BC9CEB8-8B4A-11D0-8D11-00A0C91BC942}") = "Cantor表", "Cantor表\Cantor表.vcxproj", "{4485582D-85FC-43FF-9304-EA1339C5E0FE}"
EndProject
Project("{8BC9CEB8-8B4A-11D0-8D11-00A0C91BC942}") = "计算器的改良", "计算器的改良\计算器的改良.vcxproj", "{1C7370A0-66CD-4129-8A88-981C47B3E355}"
EndProject
Project("{8BC9CEB8-8B4A-11D0-8D11-00A0C91BC942}") = "数字反转", "数字反转\数字反转.vcxproj", "{59D53666-EECF-4D3C-96F1-1BBD43D0ED85}"
EndProject
Global
	GlobalSection(SolutionConfigurationPlatforms) = preSolution
		Debug|x64 = Debug|x64
		Debug|x86 = Debug|x86
		Release|x64 = Release|x64
		Release|x86 = Release|x86
	EndGlobalSection
	GlobalSection(ProjectConfigurationPlatforms) = postSolution
		{6CBAA926-5A20-46BA-BD3A-000869088840}.Debug|x64.ActiveCfg = Debug|x64
		{6CBAA926-5A20-46BA-BD3A-000869088840}.Debug|x64.Build.0 = Debug|x64
		{6CBAA926-5A20-46BA-BD3A-000869088840}.Debug|x86.ActiveCfg = Debug|Win32
		{6CBAA926-5A20-46BA-BD3A-000869088840}.Debug|x86.Build.0 = Debug|Win32
		{6CBAA926-5A20-46BA-BD3A-000869088840}.Release|x64.ActiveCfg = Release|x64
		{6CBAA926-5A20-46BA-BD3A-000869088840}.Release|x64.Build.0 = Release|x64
		{6CBAA926-5A20-46BA-BD3A-000869088840}.Release|x86.ActiveCfg = Release|Win32
		{6CBAA926-5A20-46BA-BD3A-000869088840}.Release|x86.Build.0 = Release|Win32
		{09369F32-6A15-4123-8FFF-C3616A2D679C}.Debug|x64.ActiveCfg = Debug|x64
		{09369F32-6A15-4123-8FFF-C3616A2D679C}.Debug|x64.Build.0 = Debug|x64
		{09369F32-6A15-4123-8FFF-C3616A2D679C}.Debug|x86.ActiveCfg = Debug|Win32
		{09369F32-6A15-4123-8FFF-C3616A2D679C}.Debug|x86.Build.0 = Debug|Win32
		{09369F32-6A15-4123-8FFF-C3616A2D679C}.Release|x64.ActiveCfg = Release|x64
		{09369F32-6A15-4123-8FFF-C3616A2D679C}.Release|x64.Build.0 = Release|x64
		{09369F32-6A15-4123-8FFF-C3616A2D679C}.Release|x86.ActiveCfg = Release|Win32
		{09369F32-6A15-4123-8FFF-C3616A2D679C}.Release|x86.Build.0 = Release|Win32
		{599A8DE8-38E7-4CCD-9105-D1A87380F77B}.Debug|x64.ActiveCfg = Debug|x64
		{599A8DE8-38E7-4CCD-9105-D1A87380F77B}.Debug|x64.Build.0 = Debug|x64
		{599A8DE8-38E7-4CCD-9105-D1A87380F77B}.Debug|x86.ActiveCfg = Debug|Win32
		{599A8DE8-38E7-4CCD-9105-D1A87380F77B}.Debug|x86.Build.0 = Debug|Win32
		{599A8DE8-38E7-4CCD-9105-D1A87380F77B}.Release|x64.ActiveCfg = Release|x64
		{599A8DE8-38E7-4CCD-9105-D1A87380F77B}.Release|x64.Build.0 = Release|x64
		{599A8DE8-38E7-4CCD-9105-D1A87380F77B}.Release|x86.ActiveCfg = Release|Win32
		{599A8DE8-38E7-4CCD-9105-D1A87380F77B}.Release|x86.Build.0 = Release|Win32
		{C6C81423-7A91-4025-A9F4-5FA8D4D892AA}.Debug|x64.ActiveCfg = Debug|x64
		{C6C81423-7A91-4025-A9F4-5FA8D4D892AA}.Debug|x64.Build.0 = Debug|x64
		{C6C81423-7A91-4025-A9F4-5FA8D4D892AA}.Debug|x86.ActiveCfg = Debug|Win32
		{C6C81423-7A91-4025-A9F4-5FA8D4D892AA}.Debug|x86.Build.0 = Debug|Win32
		{C6C81423-7A91-4025-A9F4-5FA8D4D892AA}.Release|x64.ActiveCfg = Release|x64
		{C6C81423-7A91-4025-A9F4-5FA8D4D892AA}.Release|x64.Build.0 = Release|x64
		{C6C81423-7A91-4025-A9F4-5FA8D4D892AA}.Release|x86.ActiveCfg = Release|Win32
		{C6C81423-7A91-4025-A9F4-5FA8D4D892AA}.Release|x86.Build.0 = Release|Win32
		{964D08C6-38B1-45D0-9767-C789D7F58915}.Debug|x64.ActiveCfg = Debug|x64
		{964D08C6-38B1-45D0-9767-C789D7F58915}.Debug|x64.Build.0 = Debug|x64
		{964D08C6-38B1-45D0-9767-C789D7F58915}.Debug|x86.ActiveCfg = Debug|Win32
		{964D08C6-38B1-45D0-9767-C789D7F58915}.Debug|x86.Build.0 = Debug|Win32
		{964D08C6-38B1-45D0-9767-C789D7F58915}.Release|x64.ActiveCfg = Release|x64
		{964D08C6-38B1-45D0-9767-C789D7F58915}.Release|x64.Build.0 = Release|x64
		{964D08C6-38B1-45D0-9767-C789D7F58915}.Release|x86.ActiveCfg = Release|Win32
		{964D08C6-38B1-45D0-9767-C789D7F58915}.Release|x86.Build.0 = Release|Win32
		{B491921B-94ED-4DD7-B10D-F990351CEB86}.Debug|x64.ActiveCfg = Debug|x64
		{B491921B-94ED-4DD7-B10D-F990351CEB86}.Debug|x64.Build.0 = Debug|x64
		{B491921B-94ED-4DD7-B10D-F990351CEB86}.Debug|x86.ActiveCfg = Debug|Win32
		{B491921B-94ED-4DD7-B10D-F990351CEB86}.Debug|x86.Build.0 = Debug|Win32
		{B491921B-94ED-4DD7-B10D-F990351CEB86}.Release|x64.ActiveCfg = Release|x64
		{B491921B-94ED-4DD7-B10D-F990351CEB86}.Release|x64.Build.0 = Release|x64
		{B491921B-94ED-4DD7-B10D-F990351CEB86}.Release|x86.ActiveCfg = Release|Win32
		{B491921B-94ED-4DD7-B10D-F990351CEB86}.Release|x86.Build.0 = Release|Win32
		{828AD606-801D-43B8-9DA6-133808018126}.Debug|x64.ActiveCfg = Debug|x64
		{828AD606-801D-43B8-9DA6-133808018126}.Debug|x64.Build.0 = Debug|x64
		{828AD606-801D-43B8-9DA6-133808018126}.Debug|x86.ActiveCfg = Debug|Win32
		{828AD606-801D-43B8-9DA6-133808018126}.Debug|x86.Build.0 = Debug|Win32
		{828AD606-801D-43B8-9DA6-133808018126}.Release|x64.ActiveCfg = Release|x64
		{828AD606-801D-43B8-9DA6-133808018126}.Release|x64.Build.0 = Release|x64
		{828AD606-801D-43B8-9DA6-133808018126}.Release|x86.ActiveCfg = Release|Win32
		{828AD606-801D-43B8-9DA6-133808018126}.Release|x86.Build.0 = Release|Win32
		{7094E9A6-31D2-485A-A673-0E8BD7BFF3CC}.Debug|x64.ActiveCfg = Debug|x64
		{7094E9A6-31D2-485A-A673-0E8BD7BFF3CC}.Debug|x64.Build.0 = Debug|x64
		{7094E9A6-31D2-485A-A673-0E8BD7BFF3CC}.Debug|x86.ActiveCfg = Debug|Win32
		{7094E9A6-31D2-485A-A673-0E8BD7BFF3CC}.Debug|x86.Build.0 = Debug|Win32
		{7094E9A6-31D2-485A-A673-0E8BD7BFF3CC}.Release|x64.ActiveCfg = Release|x64
		{7094E9A6-31D2-485A-A673-0E8BD7BFF3CC}.Release|x64.Build.0 = Release|x64
		{7094E9A6-31D2-485A-A673-0E8BD7BFF3CC}.Release|x86.ActiveCfg = Release|Win32
		{7094E9A6-31D2-485A-A673-0E8BD7BFF3CC}.Release|x86.Build.0 = Release|Win32
		{BE337499-A465-4BDD-B3A4-2E864A18607E}.Debug|x64.ActiveCfg = Debug|x64
		{BE337499-A465-4BDD-B3A4-2E864A18607E}.Debug|x64.Build.0 = Debug|x64
		{BE337499-A465-4BDD-B3A4-2E864A18607E}.Debug|x86.ActiveCfg = Debug|Win32
		{BE337499-A465-4BDD-B3A4-2E864A18607E}.Debug|x86.Build.0 = Debug|Win32
		{BE337499-A465-4BDD-B3A4-2E864A18607E}.Release|x64.ActiveCfg = Release|x64
		{BE337499-A465-4BDD-B3A4-2E864A18607E}.Release|x64.Build.0 = Release|x64
		{BE337499-A465-4BDD-B3A4-2E864A18607E}.Release|x86.ActiveCfg = Release|Win32
		{BE337499-A465-4BDD-B3A4-2E864A18607E}.Release|x86.Build.0 = Release|Win32
		{1511B2D4-A463-49D0-83D8-8C57846A34CF}.Debug|x64.ActiveCfg = Debug|x64
		{1511B2D4-A463-49D0-83D8-8C57846A34CF}.Debug|x64.Build.0 = Debug|x64
		{1511B2D4-A463-49D0-83D8-8C57846A34CF}.Debug|x86.ActiveCfg = Debug|Win32
		{1511B2D4-A463-49D0-83D8-8C57846A34CF}.Debug|x86.Build.0 = Debug|Win32
		{1511B2D4-A463-49D0-83D8-8C57846A34CF}.Release|x64.ActiveCfg = Release|x64
		{1511B2D4-A463-49D0-83D8-8C57846A34CF}.Release|x64.Build.0 = Release|x64
		{1511B2D4-A463-49D0-83D8-8C57846A34CF}.Release|x86.ActiveCfg = Release|Win32
		{1511B2D4-A463-49D0-83D8-8C57846A34CF}.Release|x86.Build.0 = Release|Win32
		{B236F65D-C53B-45B6-A175-3713CB90AD91}.Debug|x64.ActiveCfg = Debug|x64
		{B236F65D-C53B-45B6-A175-3713CB90AD91}.Debug|x64.Build.0 = Debug|x64
		{B236F65D-C53B-45B6-A175-3713CB90AD91}.Debug|x86.ActiveCfg = Debug|Win32
		{B236F65D-C53B-45B6-A175-3713CB90AD91}.Debug|x86.Build.0 = Debug|Win32
		{B236F65D-C53B-45B6-A175-3713CB90AD91}.Release|x64.ActiveCfg = Release|x64
		{B236F65D-C53B-45B6-A175-3713CB90AD91}.Release|x64.Build.0 = Release|x64
		{B236F65D-C53B-45B6-A175-3713CB90AD91}.Release|x86.ActiveCfg = Release|Win32
		{B236F65D-C53B-45B6-A175-3713CB90AD91}.Release|x86.Build.0 = Release|Win32
		{E2721AD2-8436-48D6-BD0B-8BAAC13716E5}.Debug|x64.ActiveCfg = Debug|x64
		{E2721AD2-8436-48D6-BD0B-8BAAC13716E5}.Debug|x64.Build.0 = Debug|x64
		{E2721AD2-8436-48D6-BD0B-8BAAC13716E5}.Debug|x86.ActiveCfg = Debug|Win32
		{E2721AD2-8436-48D6-BD0B-8BAAC13716E5}.Debug|x86.Build.0 = Debug|Win32
		{E2721AD2-8436-48D6-BD0B-8BAAC13716E5}.Release|x64.ActiveCfg = Release|x64
		{E2721AD2-8436-48D6-BD0B-8BAAC13716E5}.Release|x64.Build.0 = Release|x64
		{E2721AD2-8436-48D6-BD0B-8BAAC13716E5}.Release|x86.ActiveCfg = Release|Win32
		{E2721AD2-8436-48D6-BD0B-8BAAC13716E5}.Release|x86.Build.0 = Release|Win32
		{A7693F08-8DBA-4208-828B-8A88AF75C237}.Debug|x64.ActiveCfg = Debug|x64
		{A7693F08-8DBA-4208-828B-8A88AF75C237}.Debug|x64.Build.0 = Debug|x64
		{A7693F08-8DBA-4208-828B-8A88AF75C237}.Debug|x86.ActiveCfg = Debug|Win32
		{A7693F08-8DBA-4208-828B-8A88AF75C237}.Debug|x86.Build.0 = Debug|Win32
		{A7693F08-8DBA-4208-828B-8A88AF75C237}.Release|x64.ActiveCfg = Release|x64
		{A7693F08-8DBA-4208-828B-8A88AF75C237}.Release|x64.Build.0 = Release|x64
		{A7693F08-8DBA-4208-828B-8A88AF75C237}.Release|x86.ActiveCfg = Release|Win32
		{A7693F08-8DBA-4208-828B-8A88AF75C237}.Release|x86.Build.0 = Release|Win32
		{4E10DD02-D6E9-4064-BD07-3668C638D286}.Debug|x64.ActiveCfg = Debug|x64
		{4E10DD02-D6E9-4064-BD07-3668C638D286}.Debug|x64.Build.0 = Debug|x64
		{4E10DD02-D6E9-4064-BD07-3668C638D286}.Debug|x86.ActiveCfg = Debug|Win32
		{4E10DD02-D6E9-4064-BD07-3668C638D286}.Debug|x86.Build.0 = Debug|Win32
		{4E10DD02-D6E9-4064-BD07-3668C638D286}.Release|x64.ActiveCfg = Release|x64
		{4E10DD02-D6E9-4064-BD07-3668C638D286}.Release|x64.Build.0 = Release|x64
		{4E10DD02-D6E9-4064-BD07-3668C638D286}.Release|x86.ActiveCfg = Release|Win32
		{4E10DD02-D6E9-4064-BD07-3668C638D286}.Release|x86.Build.0 = Release|Win32
		{2272969D-3889-42FD-AD25-0B30DAE6D505}.Debug|x64.ActiveCfg = Debug|x64
		{2272969D-3889-42FD-AD25-0B30DAE6D505}.Debug|x64.Build.0 = Debug|x64
		{2272969D-3889-42FD-AD25-0B30DAE6D505}.Debug|x86.ActiveCfg = Debug|Win32
		{2272969D-3889-42FD-AD25-0B30DAE6D505}.Debug|x86.Build.0 = Debug|Win32
		{2272969D-3889-42FD-AD25-0B30DAE6D505}.Release|x64.ActiveCfg = Release|x64
		{2272969D-3889-42FD-AD25-0B30DAE6D505}.Release|x64.Build.0 = Release|x64
		{2272969D-3889-42FD-AD25-0B30DAE6D505}.Release|x86.ActiveCfg = Release|Win32
		{2272969D-3889-42FD-AD25-0B30DAE6D505}.Release|x86.Build.0 = Release|Win32
		{B3CDAC97-45D2-49B1-BADC-5FD6B2B6D9A0}.Debug|x64.ActiveCfg = Debug|x64
		{B3CDAC97-45D2-49B1-BADC-5FD6B2B6D9A0}.Debug|x64.Build.0 = Debug|x64
		{B3CDAC97-45D2-49B1-BADC-5FD6B2B6D9A0}.Debug|x86.ActiveCfg = Debug|Win32
		{B3CDAC97-45D2-49B1-BADC-5FD6B2B6D9A0}.Debug|x86.Build.0 = Debug|Win32
		{B3CDAC97-45D2-49B1-BADC-5FD6B2B6D9A0}.Release|x64.ActiveCfg = Release|x64
		{B3CDAC97-45D2-49B1-BADC-5FD6B2B6D9A0}.Release|x64.Build.0 = Release|x64
		{B3CDAC97-45D2-49B1-BADC-5FD6B2B6D9A0}.Release|x86.ActiveCfg = Release|Win32
		{B3CDAC97-45D2-49B1-BADC-5FD6B2B6D9A0}.Release|x86.Build.0 = Release|Win32
		{D263AA93-98DA-46D4-B667-C59BE328312F}.Debug|x64.ActiveCfg = Debug|x64
		{D263AA93-98DA-46D4-B667-C59BE328312F}.Debug|x64.Build.0 = Debug|x64
		{D263AA93-98DA-46D4-B667-C59BE328312F}.Debug|x86.ActiveCfg = Debug|Win32
		{D263AA93-98DA-46D4-B667-C59BE328312F}.Debug|x86.Build.0 = Debug|Win32
		{D263AA93-98DA-46D4-B667-C59BE328312F}.Release|x64.ActiveCfg = Release|x64
		{D263AA93-98DA-46D4-B667-C59BE328312F}.Release|x64.Build.0 = Release|x64
		{D263AA93-98DA-46D4-B667-C59BE328312F}.Release|x86.ActiveCfg = Release|Win32
		{D263AA93-98DA-46D4-B667-C59BE328312F}.Release|x86.Build.0 = Release|Win32
		{E0B39FAB-EDB4-4C62-8564-B70A9AEE5CC8}.Debug|x64.ActiveCfg = Debug|x64
		{E0B39FAB-EDB4-4C62-8564-B70A9AEE5CC8}.Debug|x64.Build.0 = Debug|x64
		{E0B39FAB-EDB4-4C62-8564-B70A9AEE5CC8}.Debug|x86.ActiveCfg = Debug|Win32
		{E0B39FAB-EDB4-4C62-8564-B70A9AEE5CC8}.Debug|x86.Build.0 = Debug|Win32
		{E0B39FAB-EDB4-4C62-8564-B70A9AEE5CC8}.Release|x64.ActiveCfg = Release|x64
		{E0B39FAB-EDB4-4C62-8564-B70A9AEE5CC8}.Release|x64.Build.0 = Release|x64
		{E0B39FAB-EDB4-4C62-8564-B70A9AEE5CC8}.Release|x86.ActiveCfg = Release|Win32
		{E0B39FAB-EDB4-4C62-8564-B70A9AEE5CC8}.Release|x86.Build.0 = Release|Win32
		{D958D283-0374-4EAF-8067-461C8EDB9674}.Debug|x64.ActiveCfg = Debug|x64
		{D958D283-0374-4EAF-8067-461C8EDB9674}.Debug|x64.Build.0 = Debug|x64
		{D958D283-0374-4EAF-8067-461C8EDB9674}.Debug|x86.ActiveCfg = Debug|Win32
		{D958D283-0374-4EAF-8067-461C8EDB9674}.Debug|x86.Build.0 = Debug|Win32
		{D958D283-0374-4EAF-8067-461C8EDB9674}.Release|x64.ActiveCfg = Release|x64
		{D958D283-0374-4EAF-8067-461C8EDB9674}.Release|x64.Build.0 = Release|x64
		{D958D283-0374-4EAF-8067-461C8EDB9674}.Release|x86.ActiveCfg = Release|Win32
		{D958D283-0374-4EAF-8067-461C8EDB9674}.Release|x86.Build.0 = Release|Win32
		{DCD2051D-F2FC-46DD-9820-350B883B4B48}.Debug|x64.ActiveCfg = Debug|x64
		{DCD2051D-F2FC-46DD-9820-350B883B4B48}.Debug|x64.Build.0 = Debug|x64
		{DCD2051D-F2FC-46DD-9820-350B883B4B48}.Debug|x86.ActiveCfg = Debug|Win32
		{DCD2051D-F2FC-46DD-9820-350B883B4B48}.Debug|x86.Build.0 = Debug|Win32
		{DCD2051D-F2FC-46DD-9820-350B883B4B48}.Release|x64.ActiveCfg = Release|x64
		{DCD2051D-F2FC-46DD-9820-350B883B4B48}.Release|x64.Build.0 = Release|x64
		{DCD2051D-F2FC-46DD-9820-350B883B4B48}.Release|x86.ActiveCfg = Release|Win32
		{DCD2051D-F2FC-46DD-9820-350B883B4B48}.Release|x86.Build.0 = Release|Win32
		{F2F80DB0-E0D0-442B-88CC-CFDC1EA20347}.Debug|x64.ActiveCfg = Debug|x64
		{F2F80DB0-E0D0-442B-88CC-CFDC1EA20347}.Debug|x64.Build.0 = Debug|x64
		{F2F80DB0-E0D0-442B-88CC-CFDC1EA20347}.Debug|x86.ActiveCfg = Debug|Win32
		{F2F80DB0-E0D0-442B-88CC-CFDC1EA20347}.Debug|x86.Build.0 = Debug|Win32
		{F2F80DB0-E0D0-442B-88CC-CFDC1EA20347}.Release|x64.ActiveCfg = Release|x64
		{F2F80DB0-E0D0-442B-88CC-CFDC1EA20347}.Release|x64.Build.0 = Release|x64
		{F2F80DB0-E0D0-442B-88CC-CFDC1EA20347}.Release|x86.ActiveCfg = Release|Win32
		{F2F80DB0-E0D0-442B-88CC-CFDC1EA20347}.Release|x86.Build.0 = Release|Win32
		{D89AC21D-C94F-49D9-B93C-4C796BD37C0B}.Debug|x64.ActiveCfg = Debug|x64
		{D89AC21D-C94F-49D9-B93C-4C796BD37C0B}.Debug|x64.Build.0 = Debug|x64
		{D89AC21D-C94F-49D9-B93C-4C796BD37C0B}.Debug|x86.ActiveCfg = Debug|Win32
		{D89AC21D-C94F-49D9-B93C-4C796BD37C0B}.Debug|x86.Build.0 = Debug|Win32
		{D89AC21D-C94F-49D9-B93C-4C796BD37C0B}.Release|x64.ActiveCfg = Release|x64
		{D89AC21D-C94F-49D9-B93C-4C796BD37C0B}.Release|x64.Build.0 = Release|x64
		{D89AC21D-C94F-49D9-B93C-4C796BD37C0B}.Release|x86.ActiveCfg = Release|Win32
		{D89AC21D-C94F-49D9-B93C-4C796BD37C0B}.Release|x86.Build.0 = Release|Win32
		{F4FCB8E6-0EA7-4532-A568-42ADEBC0B70D}.Debug|x64.ActiveCfg = Debug|x64
		{F4FCB8E6-0EA7-4532-A568-42ADEBC0B70D}.Debug|x64.Build.0 = Debug|x64
		{F4FCB8E6-0EA7-4532-A568-42ADEBC0B70D}.Debug|x86.ActiveCfg = Debug|Win32
		{F4FCB8E6-0EA7-4532-A568-42ADEBC0B70D}.Debug|x86.Build.0 = Debug|Win32
		{F4FCB8E6-0EA7-4532-A568-42ADEBC0B70D}.Release|x64.ActiveCfg = Release|x64
		{F4FCB8E6-0EA7-4532-A568-42ADEBC0B70D}.Release|x64.Build.0 = Release|x64
		{F4FCB8E6-0EA7-4532-A568-42ADEBC0B70D}.Release|x86.ActiveCfg = Release|Win32
		{F4FCB8E6-0EA7-4532-A568-42ADEBC0B70D}.Release|x86.Build.0 = Release|Win32
		{AC40F890-8020-46D6-AC6E-818777FB7ABB}.Debug|x64.ActiveCfg = Debug|x64
		{AC40F890-8020-46D6-AC6E-818777FB7ABB}.Debug|x64.Build.0 = Debug|x64
		{AC40F890-8020-46D6-AC6E-818777FB7ABB}.Debug|x86.ActiveCfg = Debug|Win32
		{AC40F890-8020-46D6-AC6E-818777FB7ABB}.Debug|x86.Build.0 = Debug|Win32
		{AC40F890-8020-46D6-AC6E-818777FB7ABB}.Release|x64.ActiveCfg = Release|x64
		{AC40F890-8020-46D6-AC6E-818777FB7ABB}.Release|x64.Build.0 = Release|x64
		{AC40F890-8020-46D6-AC6E-818777FB7ABB}.Release|x86.ActiveCfg = Release|Win32
		{AC40F890-8020-46D6-AC6E-818777FB7ABB}.Release|x86.Build.0 = Release|Win32
		{0BBDE03B-3315-4FEC-85D2-0BB9B137DE71}.Debug|x64.ActiveCfg = Debug|x64
		{0BBDE03B-3315-4FEC-85D2-0BB9B137DE71}.Debug|x64.Build.0 = Debug|x64
		{0BBDE03B-3315-4FEC-85D2-0BB9B137DE71}.Debug|x86.ActiveCfg = Debug|Win32
		{0BBDE03B-3315-4FEC-85D2-0BB9B137DE71}.Debug|x86.Build.0 = Debug|Win32
		{0BBDE03B-3315-4FEC-85D2-0BB9B137DE71}.Release|x64.ActiveCfg = Release|x64
		{0BBDE03B-3315-4FEC-85D2-0BB9B137DE71}.Release|x64.Build.0 = Release|x64
		{0BBDE03B-3315-4FEC-85D2-0BB9B137DE71}.Release|x86.ActiveCfg = Release|Win32
		{0BBDE03B-3315-4FEC-85D2-0BB9B137DE71}.Release|x86.Build.0 = Release|Win32
		{95529B07-92B5-4B04-837E-0A5C0373FA4E}.Debug|x64.ActiveCfg = Debug|x64
		{95529B07-92B5-4B04-837E-0A5C0373FA4E}.Debug|x64.Build.0 = Debug|x64
		{95529B07-92B5-4B04-837E-0A5C0373FA4E}.Debug|x86.ActiveCfg = Debug|Win32
		{95529B07-92B5-4B04-837E-0A5C0373FA4E}.Debug|x86.Build.0 = Debug|Win32
		{95529B07-92B5-4B04-837E-0A5C0373FA4E}.Release|x64.ActiveCfg = Release|x64
		{95529B07-92B5-4B04-837E-0A5C0373FA4E}.Release|x64.Build.0 = Release|x64
		{95529B07-92B5-4B04-837E-0A5C0373FA4E}.Release|x86.ActiveCfg = Release|Win32
		{95529B07-92B5-4B04-837E-0A5C0373FA4E}.Release|x86.Build.0 = Release|Win32
		{19FA6EF4-AF7E-4C2E-89DF-74AC0F580893}.Debug|x64.ActiveCfg = Debug|x64
		{19FA6EF4-AF7E-4C2E-89DF-74AC0F580893}.Debug|x64.Build.0 = Debug|x64
		{19FA6EF4-AF7E-4C2E-89DF-74AC0F580893}.Debug|x86.ActiveCfg = Debug|Win32
		{19FA6EF4-AF7E-4C2E-89DF-74AC0F580893}.Debug|x86.Build.0 = Debug|Win32
		{19FA6EF4-AF7E-4C2E-89DF-74AC0F580893}.Release|x64.ActiveCfg = Release|x64
		{19FA6EF4-AF7E-4C2E-89DF-74AC0F580893}.Release|x64.Build.0 = Release|x64
		{19FA6EF4-AF7E-4C2E-89DF-74AC0F580893}.Release|x86.ActiveCfg = Release|Win32
		{19FA6EF4-AF7E-4C2E-89DF-74AC0F580893}.Release|x86.Build.0 = Release|Win32
		{8F9FE23E-9FA5-4C9D-9F51-8F5828C4FE19}.Debug|x64.ActiveCfg = Debug|x64
		{8F9FE23E-9FA5-4C9D-9F51-8F5828C4FE19}.Debug|x64.Build.0 = Debug|x64
		{8F9FE23E-9FA5-4C9D-9F51-8F5828C4FE19}.Debug|x86.ActiveCfg = Debug|Win32
		{8F9FE23E-9FA5-4C9D-9F51-8F5828C4FE19}.Debug|x86.Build.0 = Debug|Win32
		{8F9FE23E-9FA5-4C9D-9F51-8F5828C4FE19}.Release|x64.ActiveCfg = Release|x64
		{8F9FE23E-9FA5-4C9D-9F51-8F5828C4FE19}.Release|x64.Build.0 = Release|x64
		{8F9FE23E-9FA5-4C9D-9F51-8F5828C4FE19}.Release|x86.ActiveCfg = Release|Win32
		{8F9FE23E-9FA5-4C9D-9F51-8F5828C4FE19}.Release|x86.Build.0 = Release|Win32
		{DA195E4F-4214-4448-A089-B4B5FD810C31}.Debug|x64.ActiveCfg = Debug|x64
		{DA195E4F-4214-4448-A089-B4B5FD810C31}.Debug|x64.Build.0 = Debug|x64
		{DA195E4F-4214-4448-A089-B4B5FD810C31}.Debug|x86.ActiveCfg = Debug|Win32
		{DA195E4F-4214-4448-A089-B4B5FD810C31}.Debug|x86.Build.0 = Debug|Win32
		{DA195E4F-4214-4448-A089-B4B5FD810C31}.Release|x64.ActiveCfg = Release|x64
		{DA195E4F-4214-4448-A089-B4B5FD810C31}.Release|x64.Build.0 = Release|x64
		{DA195E4F-4214-4448-A089-B4B5FD810C31}.Release|x86.ActiveCfg = Release|Win32
		{DA195E4F-4214-4448-A089-B4B5FD810C31}.Release|x86.Build.0 = Release|Win32
		{ED348B1B-4DC0-4865-AFE5-5ED9AEC6CB98}.Debug|x64.ActiveCfg = Debug|x64
		{ED348B1B-4DC0-4865-AFE5-5ED9AEC6CB98}.Debug|x64.Build.0 = Debug|x64
		{ED348B1B-4DC0-4865-AFE5-5ED9AEC6CB98}.Debug|x86.ActiveCfg = Debug|Win32
		{ED348B1B-4DC0-4865-AFE5-5ED9AEC6CB98}.Debug|x86.Build.0 = Debug|Win32
		{ED348B1B-4DC0-4865-AFE5-5ED9AEC6CB98}.Release|x64.ActiveCfg = Release|x64
		{ED348B1B-4DC0-4865-AFE5-5ED9AEC6CB98}.Release|x64.Build.0 = Release|x64
		{ED348B1B-4DC0-4865-AFE5-5ED9AEC6CB98}.Release|x86.ActiveCfg = Release|Win32
		{ED348B1B-4DC0-4865-AFE5-5ED9AEC6CB98}.Release|x86.Build.0 = Release|Win32
		{8D379DBB-E685-4E32-BDA2-1F69F7D3F459}.Debug|x64.ActiveCfg = Debug|x64
		{8D379DBB-E685-4E32-BDA2-1F69F7D3F459}.Debug|x64.Build.0 = Debug|x64
		{8D379DBB-E685-4E32-BDA2-1F69F7D3F459}.Debug|x86.ActiveCfg = Debug|Win32
		{8D379DBB-E685-4E32-BDA2-1F69F7D3F459}.Debug|x86.Build.0 = Debug|Win32
		{8D379DBB-E685-4E32-BDA2-1F69F7D3F459}.Release|x64.ActiveCfg = Release|x64
		{8D379DBB-E685-4E32-BDA2-1F69F7D3F459}.Release|x64.Build.0 = Release|x64
		{8D379DBB-E685-4E32-BDA2-1F69F7D3F459}.Release|x86.ActiveCfg = Release|Win32
		{8D379DBB-E685-4E32-BDA2-1F69F7D3F459}.Release|x86.Build.0 = Release|Win32
		{E36E671F-8EE1-45D2-B3BB-53FD97148E5A}.Debug|x64.ActiveCfg = Debug|x64
		{E36E671F-8EE1-45D2-B3BB-53FD97148E5A}.Debug|x64.Build.0 = Debug|x64
		{E36E671F-8EE1-45D2-B3BB-53FD97148E5A}.Debug|x86.ActiveCfg = Debug|Win32
		{E36E671F-8EE1-45D2-B3BB-53FD97148E5A}.Debug|x86.Build.0 = Debug|Win32
		{E36E671F-8EE1-45D2-B3BB-53FD97148E5A}.Release|x64.ActiveCfg = Release|x64
		{E36E671F-8EE1-45D2-B3BB-53FD97148E5A}.Release|x64.Build.0 = Release|x64
		{E36E671F-8EE1-45D2-B3BB-53FD97148E5A}.Release|x86.ActiveCfg = Release|Win32
		{E36E671F-8EE1-45D2-B3BB-53FD97148E5A}.Release|x86.Build.0 = Release|Win32
		{4485582D-85FC-43FF-9304-EA1339C5E0FE}.Debug|x64.ActiveCfg = Debug|x64
		{4485582D-85FC-43FF-9304-EA1339C5E0FE}.Debug|x64.Build.0 = Debug|x64
		{4485582D-85FC-43FF-9304-EA1339C5E0FE}.Debug|x86.ActiveCfg = Debug|Win32
		{4485582D-85FC-43FF-9304-EA1339C5E0FE}.Debug|x86.Build.0 = Debug|Win32
		{4485582D-85FC-43FF-9304-EA1339C5E0FE}.Release|x64.ActiveCfg = Release|x64
		{4485582D-85FC-43FF-9304-EA1339C5E0FE}.Release|x64.Build.0 = Release|x64
		{4485582D-85FC-43FF-9304-EA1339C5E0FE}.Release|x86.ActiveCfg = Release|Win32
		{4485582D-85FC-43FF-9304-EA1339C5E0FE}.Release|x86.Build.0 = Release|Win32
		{1C7370A0-66CD-4129-8A88-981C47B3E355}.Debug|x64.ActiveCfg = Debug|x64
		{1C7370A0-66CD-4129-8A88-981C47B3E355}.Debug|x64.Build.0 = Debug|x64
		{1C7370A0-66CD-4129-8A88-981C47B3E355}.Debug|x86.ActiveCfg = Debug|Win32
		{1C7370A0-66CD-4129-8A88-981C47B3E355}.Debug|x86.Build.0 = Debug|Win32
		{1C7370A0-66CD-4129-8A88-981C47B3E355}.Release|x64.ActiveCfg = Release|x64
		{1C7370A0-66CD-4129-8A88-981C47B3E355}.Release|x64.Build.0 = Release|x64
		{1C7370A0-66CD-4129-8A88-981C47B3E355}.Release|x86.ActiveCfg = Release|Win32
		{1C7370A0-66CD-4129-8A88-981C47B3E355}.Release|x86.Build.0 = Release|Win32
		{59D53666-EECF-4D3C-96F1-1BBD43D0ED85}.Debug|x64.ActiveCfg = Debug|x64
		{59D53666-EECF-4D3C-96F1-1BBD43D0ED85}.Debug|x64.Build.0 = Debug|x64
		{59D53666-EECF-4D3C-96F1-1BBD43D0ED85}.Debug|x86.ActiveCfg = Debug|Win32
		{59D53666-EECF-4D3C-96F1-1BBD43D0ED85}.Debug|x86.Build.0 = Debug|Win32
		{59D53666-EECF-4D3C-96F1-1BBD43D0ED85}.Release|x64.ActiveCfg = Release|x64
		{59D53666-EECF-4D3C-96F1-1BBD43D0ED85}.Release|x64.Build.0 = Release|x64
		{59D53666-EECF-4D3C-96F1-1BBD43D0ED85}.Release|x86.ActiveCfg = Release|Win32
		{59D53666-EECF-4D3C-96F1-1BBD43D0ED85}.Release|x86.Build.0 = Release|Win32
	EndGlobalSection
	GlobalSection(SolutionProperties) = preSolution
		HideSolutionNode = FALSE
	EndGlobalSection
	GlobalSection(ExtensibilityGlobals) = postSolution
		SolutionGuid = {DDC995D7-4330-4FF0-9EB8-838D5C8F1555}
	EndGlobalSection
EndGlobal
