
Microsoft Visual Studio Solution File, Format Version 12.00
# Visual Studio Version 16
VisualStudioVersion = 16.0.29324.140
MinimumVisualStudioVersion = 10.0.40219.1
Project("{8BC9CEB8-8B4A-11D0-8D11-00A0C91BC942}") = "可达性统计", "可达性统计\可达性统计.vcxproj", "{17D90503-99DD-4D35-9BC6-0E4B77274356}"
EndProject
Global
	GlobalSection(SolutionConfigurationPlatforms) = preSolution
		Debug|x64 = Debug|x64
		Debug|x86 = Debug|x86
		Release|x64 = Release|x64
		Release|x86 = Release|x86
	EndGlobalSection
	GlobalSection(ProjectConfigurationPlatforms) = postSolution
		{17D90503-99DD-4D35-9BC6-0E4B77274356}.Debug|x64.ActiveCfg = Debug|x64
		{17D90503-99DD-4D35-9BC6-0E4B77274356}.Debug|x64.Build.0 = Debug|x64
		{17D90503-99DD-4D35-9BC6-0E4B77274356}.Debug|x86.ActiveCfg = Debug|Win32
		{17D90503-99DD-4D35-9BC6-0E4B77274356}.Debug|x86.Build.0 = Debug|Win32
		{17D90503-99DD-4D35-9BC6-0E4B77274356}.Release|x64.ActiveCfg = Release|x64
		{17D90503-99DD-4D35-9BC6-0E4B77274356}.Release|x64.Build.0 = Release|x64
		{17D90503-99DD-4D35-9BC6-0E4B77274356}.Release|x86.ActiveCfg = Release|Win32
		{17D90503-99DD-4D35-9BC6-0E4B77274356}.Release|x86.Build.0 = Release|Win32
	EndGlobalSection
	GlobalSection(SolutionProperties) = preSolution
		HideSolutionNode = FALSE
	EndGlobalSection
	GlobalSection(ExtensibilityGlobals) = postSolution
		SolutionGuid = {D0DB232F-0081-4997-A8EB-D4B9F3C81A96}
	EndGlobalSection
EndGlobal
