
Microsoft Visual Studio Solution File, Format Version 12.00
# Visual Studio 15
VisualStudioVersion = 15.0.28010.2036
MinimumVisualStudioVersion = 10.0.40219.1
Project("{8BC9CEB8-8B4A-11D0-8D11-00A0C91BC942}") = "树的同构", "树的同构\树的同构.vcxproj", "{73D7CEA9-B4FE-4551-8A19-FF07ED7143EC}"
EndProject
Project("{8BC9CEB8-8B4A-11D0-8D11-00A0C91BC942}") = "List Leaves", "List Leaves\List Leaves.vcxproj", "{67F5574C-D8DA-47DE-806A-8559439A189F}"
EndProject
Project("{8BC9CEB8-8B4A-11D0-8D11-00A0C91BC942}") = "Tree Traversals Again", "Tree Traversals Again\Tree Traversals Again.vcxproj", "{208FE424-5EFA-4965-8A28-12C8BF153692}"
EndProject
Project("{8BC9CEB8-8B4A-11D0-8D11-00A0C91BC942}") = "二叉搜索树的操作集", "二叉搜索树的操作集\二叉搜索树的操作集.vcxproj", "{EB01CEF2-4075-4E17-A3BD-6B93D1A3F266}"
EndProject
Project("{8BC9CEB8-8B4A-11D0-8D11-00A0C91BC942}") = "是否同一棵二叉搜索树", "是否同一棵二叉搜索树\是否同一棵二叉搜索树.vcxproj", "{B3CC4D69-B477-4A1E-8D16-0C1C8957175B}"
EndProject
Project("{8BC9CEB8-8B4A-11D0-8D11-00A0C91BC942}") = "Tree", "Tree\Tree.vcxproj", "{5ADFC050-D5EC-4ED7-ACE0-CA6E01AD6F1A}"
EndProject
Project("{8BC9CEB8-8B4A-11D0-8D11-00A0C91BC942}") = "AVL树测试", "AVL树测试\AVL树测试.vcxproj", "{ED288B6D-9E41-477A-BCAD-1153901394F3}"
EndProject
Project("{8BC9CEB8-8B4A-11D0-8D11-00A0C91BC942}") = "AVLTree", "AVLTree\AVLTree.vcxproj", "{7253AC22-0E84-4652-9B10-188BD428D244}"
EndProject
Project("{8BC9CEB8-8B4A-11D0-8D11-00A0C91BC942}") = "Root of AVL Tree", "Root of AVL Tree\Root of AVL Tree.vcxproj", "{8FC44C0B-CD10-4870-BD2E-E398BDE2F5A5}"
EndProject
Project("{8BC9CEB8-8B4A-11D0-8D11-00A0C91BC942}") = "Complete Binary Search Tree", "Complete Binary Search Tree\Complete Binary Search Tree.vcxproj", "{13AF89FA-B199-47E5-A849-032DFDEFE0EA}"
EndProject
Project("{8BC9CEB8-8B4A-11D0-8D11-00A0C91BC942}") = "BinaryHeap", "BinaryHeap\BinaryHeap.vcxproj", "{6BEAA8A5-BD26-424D-967B-A99E3FD06711}"
EndProject
Project("{8BC9CEB8-8B4A-11D0-8D11-00A0C91BC942}") = "堆测试", "堆测试\堆测试.vcxproj", "{99C26991-895B-4308-BF8F-BA0E0CE08CA2}"
EndProject
Project("{8BC9CEB8-8B4A-11D0-8D11-00A0C91BC942}") = "堆中的路径", "堆中的路径\堆中的路径.vcxproj", "{1AD8DF18-3D4E-4E8D-9949-6FF2AF9AC7DE}"
EndProject
Project("{8BC9CEB8-8B4A-11D0-8D11-00A0C91BC942}") = "File Transfer", "File Transfer\File Transfer.vcxproj", "{3197DFCE-80B9-42BF-879A-17A331E5EE32}"
EndProject
Project("{8BC9CEB8-8B4A-11D0-8D11-00A0C91BC942}") = "Huffman Codes", "Huffman Codes\Huffman Codes.vcxproj", "{FD8E7FF9-F4E9-4A95-8909-18F08CE27197}"
EndProject
Global
	GlobalSection(SolutionConfigurationPlatforms) = preSolution
		Debug|x64 = Debug|x64
		Debug|x86 = Debug|x86
		Release|x64 = Release|x64
		Release|x86 = Release|x86
	EndGlobalSection
	GlobalSection(ProjectConfigurationPlatforms) = postSolution
		{73D7CEA9-B4FE-4551-8A19-FF07ED7143EC}.Debug|x64.ActiveCfg = Debug|x64
		{73D7CEA9-B4FE-4551-8A19-FF07ED7143EC}.Debug|x64.Build.0 = Debug|x64
		{73D7CEA9-B4FE-4551-8A19-FF07ED7143EC}.Debug|x86.ActiveCfg = Debug|Win32
		{73D7CEA9-B4FE-4551-8A19-FF07ED7143EC}.Debug|x86.Build.0 = Debug|Win32
		{73D7CEA9-B4FE-4551-8A19-FF07ED7143EC}.Release|x64.ActiveCfg = Release|x64
		{73D7CEA9-B4FE-4551-8A19-FF07ED7143EC}.Release|x64.Build.0 = Release|x64
		{73D7CEA9-B4FE-4551-8A19-FF07ED7143EC}.Release|x86.ActiveCfg = Release|Win32
		{73D7CEA9-B4FE-4551-8A19-FF07ED7143EC}.Release|x86.Build.0 = Release|Win32
		{67F5574C-D8DA-47DE-806A-8559439A189F}.Debug|x64.ActiveCfg = Debug|x64
		{67F5574C-D8DA-47DE-806A-8559439A189F}.Debug|x64.Build.0 = Debug|x64
		{67F5574C-D8DA-47DE-806A-8559439A189F}.Debug|x86.ActiveCfg = Debug|Win32
		{67F5574C-D8DA-47DE-806A-8559439A189F}.Debug|x86.Build.0 = Debug|Win32
		{67F5574C-D8DA-47DE-806A-8559439A189F}.Release|x64.ActiveCfg = Release|x64
		{67F5574C-D8DA-47DE-806A-8559439A189F}.Release|x64.Build.0 = Release|x64
		{67F5574C-D8DA-47DE-806A-8559439A189F}.Release|x86.ActiveCfg = Release|Win32
		{67F5574C-D8DA-47DE-806A-8559439A189F}.Release|x86.Build.0 = Release|Win32
		{208FE424-5EFA-4965-8A28-12C8BF153692}.Debug|x64.ActiveCfg = Debug|x64
		{208FE424-5EFA-4965-8A28-12C8BF153692}.Debug|x64.Build.0 = Debug|x64
		{208FE424-5EFA-4965-8A28-12C8BF153692}.Debug|x86.ActiveCfg = Debug|Win32
		{208FE424-5EFA-4965-8A28-12C8BF153692}.Debug|x86.Build.0 = Debug|Win32
		{208FE424-5EFA-4965-8A28-12C8BF153692}.Release|x64.ActiveCfg = Release|x64
		{208FE424-5EFA-4965-8A28-12C8BF153692}.Release|x64.Build.0 = Release|x64
		{208FE424-5EFA-4965-8A28-12C8BF153692}.Release|x86.ActiveCfg = Release|Win32
		{208FE424-5EFA-4965-8A28-12C8BF153692}.Release|x86.Build.0 = Release|Win32
		{EB01CEF2-4075-4E17-A3BD-6B93D1A3F266}.Debug|x64.ActiveCfg = Debug|x64
		{EB01CEF2-4075-4E17-A3BD-6B93D1A3F266}.Debug|x64.Build.0 = Debug|x64
		{EB01CEF2-4075-4E17-A3BD-6B93D1A3F266}.Debug|x86.ActiveCfg = Debug|Win32
		{EB01CEF2-4075-4E17-A3BD-6B93D1A3F266}.Debug|x86.Build.0 = Debug|Win32
		{EB01CEF2-4075-4E17-A3BD-6B93D1A3F266}.Release|x64.ActiveCfg = Release|x64
		{EB01CEF2-4075-4E17-A3BD-6B93D1A3F266}.Release|x64.Build.0 = Release|x64
		{EB01CEF2-4075-4E17-A3BD-6B93D1A3F266}.Release|x86.ActiveCfg = Release|Win32
		{EB01CEF2-4075-4E17-A3BD-6B93D1A3F266}.Release|x86.Build.0 = Release|Win32
		{B3CC4D69-B477-4A1E-8D16-0C1C8957175B}.Debug|x64.ActiveCfg = Debug|x64
		{B3CC4D69-B477-4A1E-8D16-0C1C8957175B}.Debug|x64.Build.0 = Debug|x64
		{B3CC4D69-B477-4A1E-8D16-0C1C8957175B}.Debug|x86.ActiveCfg = Debug|Win32
		{B3CC4D69-B477-4A1E-8D16-0C1C8957175B}.Debug|x86.Build.0 = Debug|Win32
		{B3CC4D69-B477-4A1E-8D16-0C1C8957175B}.Release|x64.ActiveCfg = Release|x64
		{B3CC4D69-B477-4A1E-8D16-0C1C8957175B}.Release|x64.Build.0 = Release|x64
		{B3CC4D69-B477-4A1E-8D16-0C1C8957175B}.Release|x86.ActiveCfg = Release|Win32
		{B3CC4D69-B477-4A1E-8D16-0C1C8957175B}.Release|x86.Build.0 = Release|Win32
		{5ADFC050-D5EC-4ED7-ACE0-CA6E01AD6F1A}.Debug|x64.ActiveCfg = Debug|x64
		{5ADFC050-D5EC-4ED7-ACE0-CA6E01AD6F1A}.Debug|x64.Build.0 = Debug|x64
		{5ADFC050-D5EC-4ED7-ACE0-CA6E01AD6F1A}.Debug|x86.ActiveCfg = Debug|Win32
		{5ADFC050-D5EC-4ED7-ACE0-CA6E01AD6F1A}.Debug|x86.Build.0 = Debug|Win32
		{5ADFC050-D5EC-4ED7-ACE0-CA6E01AD6F1A}.Release|x64.ActiveCfg = Release|x64
		{5ADFC050-D5EC-4ED7-ACE0-CA6E01AD6F1A}.Release|x64.Build.0 = Release|x64
		{5ADFC050-D5EC-4ED7-ACE0-CA6E01AD6F1A}.Release|x86.ActiveCfg = Release|Win32
		{5ADFC050-D5EC-4ED7-ACE0-CA6E01AD6F1A}.Release|x86.Build.0 = Release|Win32
		{ED288B6D-9E41-477A-BCAD-1153901394F3}.Debug|x64.ActiveCfg = Debug|x64
		{ED288B6D-9E41-477A-BCAD-1153901394F3}.Debug|x64.Build.0 = Debug|x64
		{ED288B6D-9E41-477A-BCAD-1153901394F3}.Debug|x86.ActiveCfg = Debug|Win32
		{ED288B6D-9E41-477A-BCAD-1153901394F3}.Debug|x86.Build.0 = Debug|Win32
		{ED288B6D-9E41-477A-BCAD-1153901394F3}.Release|x64.ActiveCfg = Release|x64
		{ED288B6D-9E41-477A-BCAD-1153901394F3}.Release|x64.Build.0 = Release|x64
		{ED288B6D-9E41-477A-BCAD-1153901394F3}.Release|x86.ActiveCfg = Release|Win32
		{ED288B6D-9E41-477A-BCAD-1153901394F3}.Release|x86.Build.0 = Release|Win32
		{7253AC22-0E84-4652-9B10-188BD428D244}.Debug|x64.ActiveCfg = Debug|x64
		{7253AC22-0E84-4652-9B10-188BD428D244}.Debug|x64.Build.0 = Debug|x64
		{7253AC22-0E84-4652-9B10-188BD428D244}.Debug|x86.ActiveCfg = Debug|Win32
		{7253AC22-0E84-4652-9B10-188BD428D244}.Debug|x86.Build.0 = Debug|Win32
		{7253AC22-0E84-4652-9B10-188BD428D244}.Release|x64.ActiveCfg = Release|x64
		{7253AC22-0E84-4652-9B10-188BD428D244}.Release|x64.Build.0 = Release|x64
		{7253AC22-0E84-4652-9B10-188BD428D244}.Release|x86.ActiveCfg = Release|Win32
		{7253AC22-0E84-4652-9B10-188BD428D244}.Release|x86.Build.0 = Release|Win32
		{8FC44C0B-CD10-4870-BD2E-E398BDE2F5A5}.Debug|x64.ActiveCfg = Debug|x64
		{8FC44C0B-CD10-4870-BD2E-E398BDE2F5A5}.Debug|x64.Build.0 = Debug|x64
		{8FC44C0B-CD10-4870-BD2E-E398BDE2F5A5}.Debug|x86.ActiveCfg = Debug|Win32
		{8FC44C0B-CD10-4870-BD2E-E398BDE2F5A5}.Debug|x86.Build.0 = Debug|Win32
		{8FC44C0B-CD10-4870-BD2E-E398BDE2F5A5}.Release|x64.ActiveCfg = Release|x64
		{8FC44C0B-CD10-4870-BD2E-E398BDE2F5A5}.Release|x64.Build.0 = Release|x64
		{8FC44C0B-CD10-4870-BD2E-E398BDE2F5A5}.Release|x86.ActiveCfg = Release|Win32
		{8FC44C0B-CD10-4870-BD2E-E398BDE2F5A5}.Release|x86.Build.0 = Release|Win32
		{13AF89FA-B199-47E5-A849-032DFDEFE0EA}.Debug|x64.ActiveCfg = Debug|x64
		{13AF89FA-B199-47E5-A849-032DFDEFE0EA}.Debug|x64.Build.0 = Debug|x64
		{13AF89FA-B199-47E5-A849-032DFDEFE0EA}.Debug|x86.ActiveCfg = Debug|Win32
		{13AF89FA-B199-47E5-A849-032DFDEFE0EA}.Debug|x86.Build.0 = Debug|Win32
		{13AF89FA-B199-47E5-A849-032DFDEFE0EA}.Release|x64.ActiveCfg = Release|x64
		{13AF89FA-B199-47E5-A849-032DFDEFE0EA}.Release|x64.Build.0 = Release|x64
		{13AF89FA-B199-47E5-A849-032DFDEFE0EA}.Release|x86.ActiveCfg = Release|Win32
		{13AF89FA-B199-47E5-A849-032DFDEFE0EA}.Release|x86.Build.0 = Release|Win32
		{6BEAA8A5-BD26-424D-967B-A99E3FD06711}.Debug|x64.ActiveCfg = Debug|x64
		{6BEAA8A5-BD26-424D-967B-A99E3FD06711}.Debug|x64.Build.0 = Debug|x64
		{6BEAA8A5-BD26-424D-967B-A99E3FD06711}.Debug|x86.ActiveCfg = Debug|Win32
		{6BEAA8A5-BD26-424D-967B-A99E3FD06711}.Debug|x86.Build.0 = Debug|Win32
		{6BEAA8A5-BD26-424D-967B-A99E3FD06711}.Release|x64.ActiveCfg = Release|x64
		{6BEAA8A5-BD26-424D-967B-A99E3FD06711}.Release|x64.Build.0 = Release|x64
		{6BEAA8A5-BD26-424D-967B-A99E3FD06711}.Release|x86.ActiveCfg = Release|Win32
		{6BEAA8A5-BD26-424D-967B-A99E3FD06711}.Release|x86.Build.0 = Release|Win32
		{99C26991-895B-4308-BF8F-BA0E0CE08CA2}.Debug|x64.ActiveCfg = Debug|x64
		{99C26991-895B-4308-BF8F-BA0E0CE08CA2}.Debug|x64.Build.0 = Debug|x64
		{99C26991-895B-4308-BF8F-BA0E0CE08CA2}.Debug|x86.ActiveCfg = Debug|Win32
		{99C26991-895B-4308-BF8F-BA0E0CE08CA2}.Debug|x86.Build.0 = Debug|Win32
		{99C26991-895B-4308-BF8F-BA0E0CE08CA2}.Release|x64.ActiveCfg = Release|x64
		{99C26991-895B-4308-BF8F-BA0E0CE08CA2}.Release|x64.Build.0 = Release|x64
		{99C26991-895B-4308-BF8F-BA0E0CE08CA2}.Release|x86.ActiveCfg = Release|Win32
		{99C26991-895B-4308-BF8F-BA0E0CE08CA2}.Release|x86.Build.0 = Release|Win32
		{1AD8DF18-3D4E-4E8D-9949-6FF2AF9AC7DE}.Debug|x64.ActiveCfg = Debug|x64
		{1AD8DF18-3D4E-4E8D-9949-6FF2AF9AC7DE}.Debug|x64.Build.0 = Debug|x64
		{1AD8DF18-3D4E-4E8D-9949-6FF2AF9AC7DE}.Debug|x86.ActiveCfg = Debug|Win32
		{1AD8DF18-3D4E-4E8D-9949-6FF2AF9AC7DE}.Debug|x86.Build.0 = Debug|Win32
		{1AD8DF18-3D4E-4E8D-9949-6FF2AF9AC7DE}.Release|x64.ActiveCfg = Release|x64
		{1AD8DF18-3D4E-4E8D-9949-6FF2AF9AC7DE}.Release|x64.Build.0 = Release|x64
		{1AD8DF18-3D4E-4E8D-9949-6FF2AF9AC7DE}.Release|x86.ActiveCfg = Release|Win32
		{1AD8DF18-3D4E-4E8D-9949-6FF2AF9AC7DE}.Release|x86.Build.0 = Release|Win32
		{3197DFCE-80B9-42BF-879A-17A331E5EE32}.Debug|x64.ActiveCfg = Debug|x64
		{3197DFCE-80B9-42BF-879A-17A331E5EE32}.Debug|x64.Build.0 = Debug|x64
		{3197DFCE-80B9-42BF-879A-17A331E5EE32}.Debug|x86.ActiveCfg = Debug|Win32
		{3197DFCE-80B9-42BF-879A-17A331E5EE32}.Debug|x86.Build.0 = Debug|Win32
		{3197DFCE-80B9-42BF-879A-17A331E5EE32}.Release|x64.ActiveCfg = Release|x64
		{3197DFCE-80B9-42BF-879A-17A331E5EE32}.Release|x64.Build.0 = Release|x64
		{3197DFCE-80B9-42BF-879A-17A331E5EE32}.Release|x86.ActiveCfg = Release|Win32
		{3197DFCE-80B9-42BF-879A-17A331E5EE32}.Release|x86.Build.0 = Release|Win32
		{FD8E7FF9-F4E9-4A95-8909-18F08CE27197}.Debug|x64.ActiveCfg = Debug|x64
		{FD8E7FF9-F4E9-4A95-8909-18F08CE27197}.Debug|x64.Build.0 = Debug|x64
		{FD8E7FF9-F4E9-4A95-8909-18F08CE27197}.Debug|x86.ActiveCfg = Debug|Win32
		{FD8E7FF9-F4E9-4A95-8909-18F08CE27197}.Debug|x86.Build.0 = Debug|Win32
		{FD8E7FF9-F4E9-4A95-8909-18F08CE27197}.Release|x64.ActiveCfg = Release|x64
		{FD8E7FF9-F4E9-4A95-8909-18F08CE27197}.Release|x64.Build.0 = Release|x64
		{FD8E7FF9-F4E9-4A95-8909-18F08CE27197}.Release|x86.ActiveCfg = Release|Win32
		{FD8E7FF9-F4E9-4A95-8909-18F08CE27197}.Release|x86.Build.0 = Release|Win32
	EndGlobalSection
	GlobalSection(SolutionProperties) = preSolution
		HideSolutionNode = FALSE
	EndGlobalSection
	GlobalSection(ExtensibilityGlobals) = postSolution
		SolutionGuid = {DFD20698-BBD7-48C0-BB42-231CA318B34C}
	EndGlobalSection
EndGlobal
